// !$*UTF8*$!
{
	archiveVersion = 1;
	classes = {
	};
	objectVersion = 55;
	objects = {

/* Begin PBXBuildFile section */
		0ADFA4AD28BCCB7A008429CF /* DXMVVMCExampleTests.swift in Sources */ = {isa = PBXBuildFile; fileRef = 0ADFA4AC28BCCB7A008429CF /* DXMVVMCExampleTests.swift */; };
		0ADFA4B728BCCB7A008429CF /* DXMVVMCExampleUITests.swift in Sources */ = {isa = PBXBuildFile; fileRef = 0ADFA4B628BCCB7A008429CF /* DXMVVMCExampleUITests.swift */; };
		0ADFA4B928BCCB7A008429CF /* DXMVVMCExampleUITestsLaunchTests.swift in Sources */ = {isa = PBXBuildFile; fileRef = 0ADFA4B828BCCB7A008429CF /* DXMVVMCExampleUITestsLaunchTests.swift */; };
		0ADFA4F328BCCBC7008429CF /* ImageLoader.swift in Sources */ = {isa = PBXBuildFile; fileRef = 0ADFA4C828BCCBC7008429CF /* ImageLoader.swift */; };
		0ADFA4F428BCCBC7008429CF /* GalleryEndpoint.swift in Sources */ = {isa = PBXBuildFile; fileRef = 0ADFA4C928BCCBC7008429CF /* GalleryEndpoint.swift */; };
		0ADFA4F528BCCBC7008429CF /* NetworkEngine.swift in Sources */ = {isa = PBXBuildFile; fileRef = 0ADFA4CA28BCCBC7008429CF /* NetworkEngine.swift */; };
		0ADFA4F628BCCBC7008429CF /* Endpoint.swift in Sources */ = {isa = PBXBuildFile; fileRef = 0ADFA4CB28BCCBC7008429CF /* Endpoint.swift */; };
		0ADFA4F728BCCBC7008429CF /* AppCoordinator.swift in Sources */ = {isa = PBXBuildFile; fileRef = 0ADFA4CD28BCCBC7008429CF /* AppCoordinator.swift */; };
		0ADFA4F828BCCBC7008429CF /* ProjectCoordinator.swift in Sources */ = {isa = PBXBuildFile; fileRef = 0ADFA4CE28BCCBC7008429CF /* ProjectCoordinator.swift */; };
		0ADFA4F928BCCBC7008429CF /* AbstractCoordinator.swift in Sources */ = {isa = PBXBuildFile; fileRef = 0ADFA4CF28BCCBC7008429CF /* AbstractCoordinator.swift */; };
		0ADFA4FA28BCCBC7008429CF /* TabCoordinator.swift in Sources */ = {isa = PBXBuildFile; fileRef = 0ADFA4D028BCCBC7008429CF /* TabCoordinator.swift */; };
		0ADFA4FB28BCCBC7008429CF /* RootCoordinator.swift in Sources */ = {isa = PBXBuildFile; fileRef = 0ADFA4D128BCCBC7008429CF /* RootCoordinator.swift */; };
		0ADFA4FC28BCCBC7008429CF /* PuppiesListDataSource.swift in Sources */ = {isa = PBXBuildFile; fileRef = 0ADFA4D428BCCBC7008429CF /* PuppiesListDataSource.swift */; };
		0ADFA4FD28BCCBC7008429CF /* CatsListDataSource.swift in Sources */ = {isa = PBXBuildFile; fileRef = 0ADFA4D528BCCBC7008429CF /* CatsListDataSource.swift */; };
		0ADFA4FE28BCCBC7008429CF /* KittensListDataSource.swift in Sources */ = {isa = PBXBuildFile; fileRef = 0ADFA4D628BCCBC7008429CF /* KittensListDataSource.swift */; };
		0ADFA4FF28BCCBC7008429CF /* DogsGalleryListDataSource.swift in Sources */ = {isa = PBXBuildFile; fileRef = 0ADFA4D728BCCBC7008429CF /* DogsGalleryListDataSource.swift */; };
		0ADFA50028BCCBC7008429CF /* DogsListDataSource.swift in Sources */ = {isa = PBXBuildFile; fileRef = 0ADFA4D828BCCBC7008429CF /* DogsListDataSource.swift */; };
		0ADFA50128BCCBC7008429CF /* CatsGalleryListDataSource.swift in Sources */ = {isa = PBXBuildFile; fileRef = 0ADFA4D928BCCBC7008429CF /* CatsGalleryListDataSource.swift */; };
		0ADFA50228BCCBC7008429CF /* Post.swift in Sources */ = {isa = PBXBuildFile; fileRef = 0ADFA4DC28BCCBC7008429CF /* Post.swift */; };
		0ADFA50328BCCBC7008429CF /* ImageTableViewCell.swift in Sources */ = {isa = PBXBuildFile; fileRef = 0ADFA4DE28BCCBC7008429CF /* ImageTableViewCell.swift */; };
		0ADFA50428BCCBC7008429CF /* AsyncImageView.swift in Sources */ = {isa = PBXBuildFile; fileRef = 0ADFA4DF28BCCBC7008429CF /* AsyncImageView.swift */; };
		0ADFA50528BCCBC7008429CF /* AppDelegate.swift in Sources */ = {isa = PBXBuildFile; fileRef = 0ADFA4E128BCCBC7008429CF /* AppDelegate.swift */; };
		0ADFA50628BCCBC7008429CF /* SceneDelegate.swift in Sources */ = {isa = PBXBuildFile; fileRef = 0ADFA4E228BCCBC7008429CF /* SceneDelegate.swift */; };
		0ADFA50728BCCBC7008429CF /* LayoutConstraintHelper.swift in Sources */ = {isa = PBXBuildFile; fileRef = 0ADFA4E428BCCBC7008429CF /* LayoutConstraintHelper.swift */; };
		0ADFA50828BCCBC7008429CF /* CellIdentifier.swift in Sources */ = {isa = PBXBuildFile; fileRef = 0ADFA4E528BCCBC7008429CF /* CellIdentifier.swift */; };
		0ADFA50928BCCBC7008429CF /* Observable.swift in Sources */ = {isa = PBXBuildFile; fileRef = 0ADFA4E628BCCBC7008429CF /* Observable.swift */; };
		0ADFA50A28BCCBC7008429CF /* Consts.swift in Sources */ = {isa = PBXBuildFile; fileRef = 0ADFA4E828BCCBC7008429CF /* Consts.swift */; };
		0ADFA50B28BCCBC7008429CF /* DependencyFactory.swift in Sources */ = {isa = PBXBuildFile; fileRef = 0ADFA4EA28BCCBC7008429CF /* DependencyFactory.swift */; };
		0ADFA50C28BCCBC7008429CF /* DogsViewController.swift in Sources */ = {isa = PBXBuildFile; fileRef = 0ADFA4ED28BCCBC7008429CF /* DogsViewController.swift */; };
		0ADFA50D28BCCBC7008429CF /* DogsViewModel.swift in Sources */ = {isa = PBXBuildFile; fileRef = 0ADFA4EE28BCCBC7008429CF /* DogsViewModel.swift */; };
		0ADFA50E28BCCBC7008429CF /* DogsCoordinator.swift in Sources */ = {isa = PBXBuildFile; fileRef = 0ADFA4EF28BCCBC7008429CF /* DogsCoordinator.swift */; };
		0ADFA50F28BCCBC7008429CF /* CatsViewController.swift in Sources */ = {isa = PBXBuildFile; fileRef = 0ADFA4F128BCCBC7008429CF /* CatsViewController.swift */; };
		0ADFA51028BCCBC7008429CF /* CatsViewModel.swift in Sources */ = {isa = PBXBuildFile; fileRef = 0ADFA4F228BCCBC7008429CF /* CatsViewModel.swift */; };
		0ADFA51628BCCC48008429CF /* Assets.xcassets in Resources */ = {isa = PBXBuildFile; fileRef = 0ADFA51228BCCC48008429CF /* Assets.xcassets */; };
		0ADFA51728BCCC48008429CF /* LaunchScreen.storyboard in Resources */ = {isa = PBXBuildFile; fileRef = 0ADFA51328BCCC48008429CF /* LaunchScreen.storyboard */; };
		0ADFA51828BCCC48008429CF /* LaunchScreenImage.png in Resources */ = {isa = PBXBuildFile; fileRef = 0ADFA51528BCCC48008429CF /* LaunchScreenImage.png */; };
		283F11CC74AD0039CE87871E /* Pods_DXMVVMCExampleTests.framework in Frameworks */ = {isa = PBXBuildFile; fileRef = 41FD5192B0120ED64483FAB1 /* Pods_DXMVVMCExampleTests.framework */; };
		34E835D5D0D9EB05F0CB8817 /* Pods_DXMVVMCExample.framework in Frameworks */ = {isa = PBXBuildFile; fileRef = 8BD5B0CD20E63BA5D5D83E46 /* Pods_DXMVVMCExample.framework */; };
		8608F3F7EA144FEEBDC04583 /* Pods_DXMVVMCExample_DXMVVMCExampleUITests.framework in Frameworks */ = {isa = PBXBuildFile; fileRef = 972739985A07D1E424E6CC5E /* Pods_DXMVVMCExample_DXMVVMCExampleUITests.framework */; };
/* End PBXBuildFile section */

/* Begin PBXContainerItemProxy section */
		0ADFA4A928BCCB7A008429CF /* PBXContainerItemProxy */ = {
			isa = PBXContainerItemProxy;
			containerPortal = 0ADFA48A28BCCB78008429CF /* Project object */;
			proxyType = 1;
			remoteGlobalIDString = 0ADFA49128BCCB78008429CF;
			remoteInfo = DXMVVMCExample;
		};
		0ADFA4B328BCCB7A008429CF /* PBXContainerItemProxy */ = {
			isa = PBXContainerItemProxy;
			containerPortal = 0ADFA48A28BCCB78008429CF /* Project object */;
			proxyType = 1;
			remoteGlobalIDString = 0ADFA49128BCCB78008429CF;
			remoteInfo = DXMVVMCExample;
		};
/* End PBXContainerItemProxy section */

/* Begin PBXFileReference section */
		0ADFA49228BCCB78008429CF /* DXMVVMCExample.app */ = {isa = PBXFileReference; explicitFileType = wrapper.application; includeInIndex = 0; path = DXMVVMCExample.app; sourceTree = BUILT_PRODUCTS_DIR; };
		0ADFA4A328BCCB7A008429CF /* Info.plist */ = {isa = PBXFileReference; lastKnownFileType = text.plist.xml; path = Info.plist; sourceTree = "<group>"; };
		0ADFA4A828BCCB7A008429CF /* DXMVVMCExampleTests.xctest */ = {isa = PBXFileReference; explicitFileType = wrapper.cfbundle; includeInIndex = 0; path = DXMVVMCExampleTests.xctest; sourceTree = BUILT_PRODUCTS_DIR; };
		0ADFA4AC28BCCB7A008429CF /* DXMVVMCExampleTests.swift */ = {isa = PBXFileReference; lastKnownFileType = sourcecode.swift; path = DXMVVMCExampleTests.swift; sourceTree = "<group>"; };
		0ADFA4B228BCCB7A008429CF /* DXMVVMCExampleUITests.xctest */ = {isa = PBXFileReference; explicitFileType = wrapper.cfbundle; includeInIndex = 0; path = DXMVVMCExampleUITests.xctest; sourceTree = BUILT_PRODUCTS_DIR; };
		0ADFA4B628BCCB7A008429CF /* DXMVVMCExampleUITests.swift */ = {isa = PBXFileReference; lastKnownFileType = sourcecode.swift; path = DXMVVMCExampleUITests.swift; sourceTree = "<group>"; };
		0ADFA4B828BCCB7A008429CF /* DXMVVMCExampleUITestsLaunchTests.swift */ = {isa = PBXFileReference; lastKnownFileType = sourcecode.swift; path = DXMVVMCExampleUITestsLaunchTests.swift; sourceTree = "<group>"; };
		0ADFA4C828BCCBC7008429CF /* ImageLoader.swift */ = {isa = PBXFileReference; fileEncoding = 4; lastKnownFileType = sourcecode.swift; path = ImageLoader.swift; sourceTree = "<group>"; };
		0ADFA4C928BCCBC7008429CF /* GalleryEndpoint.swift */ = {isa = PBXFileReference; fileEncoding = 4; lastKnownFileType = sourcecode.swift; path = GalleryEndpoint.swift; sourceTree = "<group>"; };
		0ADFA4CA28BCCBC7008429CF /* NetworkEngine.swift */ = {isa = PBXFileReference; fileEncoding = 4; lastKnownFileType = sourcecode.swift; path = NetworkEngine.swift; sourceTree = "<group>"; };
		0ADFA4CB28BCCBC7008429CF /* Endpoint.swift */ = {isa = PBXFileReference; fileEncoding = 4; lastKnownFileType = sourcecode.swift; path = Endpoint.swift; sourceTree = "<group>"; };
		0ADFA4CD28BCCBC7008429CF /* AppCoordinator.swift */ = {isa = PBXFileReference; fileEncoding = 4; lastKnownFileType = sourcecode.swift; path = AppCoordinator.swift; sourceTree = "<group>"; };
		0ADFA4CE28BCCBC7008429CF /* ProjectCoordinator.swift */ = {isa = PBXFileReference; fileEncoding = 4; lastKnownFileType = sourcecode.swift; path = ProjectCoordinator.swift; sourceTree = "<group>"; };
		0ADFA4CF28BCCBC7008429CF /* AbstractCoordinator.swift */ = {isa = PBXFileReference; fileEncoding = 4; lastKnownFileType = sourcecode.swift; path = AbstractCoordinator.swift; sourceTree = "<group>"; };
		0ADFA4D028BCCBC7008429CF /* TabCoordinator.swift */ = {isa = PBXFileReference; fileEncoding = 4; lastKnownFileType = sourcecode.swift; path = TabCoordinator.swift; sourceTree = "<group>"; };
		0ADFA4D128BCCBC7008429CF /* RootCoordinator.swift */ = {isa = PBXFileReference; fileEncoding = 4; lastKnownFileType = sourcecode.swift; path = RootCoordinator.swift; sourceTree = "<group>"; };
		0ADFA4D428BCCBC7008429CF /* PuppiesListDataSource.swift */ = {isa = PBXFileReference; fileEncoding = 4; lastKnownFileType = sourcecode.swift; path = PuppiesListDataSource.swift; sourceTree = "<group>"; };
		0ADFA4D528BCCBC7008429CF /* CatsListDataSource.swift */ = {isa = PBXFileReference; fileEncoding = 4; lastKnownFileType = sourcecode.swift; path = CatsListDataSource.swift; sourceTree = "<group>"; };
		0ADFA4D628BCCBC7008429CF /* KittensListDataSource.swift */ = {isa = PBXFileReference; fileEncoding = 4; lastKnownFileType = sourcecode.swift; path = KittensListDataSource.swift; sourceTree = "<group>"; };
		0ADFA4D728BCCBC7008429CF /* DogsGalleryListDataSource.swift */ = {isa = PBXFileReference; fileEncoding = 4; lastKnownFileType = sourcecode.swift; path = DogsGalleryListDataSource.swift; sourceTree = "<group>"; };
		0ADFA4D828BCCBC7008429CF /* DogsListDataSource.swift */ = {isa = PBXFileReference; fileEncoding = 4; lastKnownFileType = sourcecode.swift; path = DogsListDataSource.swift; sourceTree = "<group>"; };
		0ADFA4D928BCCBC7008429CF /* CatsGalleryListDataSource.swift */ = {isa = PBXFileReference; fileEncoding = 4; lastKnownFileType = sourcecode.swift; path = CatsGalleryListDataSource.swift; sourceTree = "<group>"; };
		0ADFA4DC28BCCBC7008429CF /* Post.swift */ = {isa = PBXFileReference; fileEncoding = 4; lastKnownFileType = sourcecode.swift; path = Post.swift; sourceTree = "<group>"; };
		0ADFA4DE28BCCBC7008429CF /* ImageTableViewCell.swift */ = {isa = PBXFileReference; fileEncoding = 4; lastKnownFileType = sourcecode.swift; path = ImageTableViewCell.swift; sourceTree = "<group>"; };
		0ADFA4DF28BCCBC7008429CF /* AsyncImageView.swift */ = {isa = PBXFileReference; fileEncoding = 4; lastKnownFileType = sourcecode.swift; path = AsyncImageView.swift; sourceTree = "<group>"; };
		0ADFA4E128BCCBC7008429CF /* AppDelegate.swift */ = {isa = PBXFileReference; fileEncoding = 4; lastKnownFileType = sourcecode.swift; path = AppDelegate.swift; sourceTree = "<group>"; };
		0ADFA4E228BCCBC7008429CF /* SceneDelegate.swift */ = {isa = PBXFileReference; fileEncoding = 4; lastKnownFileType = sourcecode.swift; path = SceneDelegate.swift; sourceTree = "<group>"; };
		0ADFA4E428BCCBC7008429CF /* LayoutConstraintHelper.swift */ = {isa = PBXFileReference; fileEncoding = 4; lastKnownFileType = sourcecode.swift; path = LayoutConstraintHelper.swift; sourceTree = "<group>"; };
		0ADFA4E528BCCBC7008429CF /* CellIdentifier.swift */ = {isa = PBXFileReference; fileEncoding = 4; lastKnownFileType = sourcecode.swift; path = CellIdentifier.swift; sourceTree = "<group>"; };
		0ADFA4E628BCCBC7008429CF /* Observable.swift */ = {isa = PBXFileReference; fileEncoding = 4; lastKnownFileType = sourcecode.swift; path = Observable.swift; sourceTree = "<group>"; };
		0ADFA4E828BCCBC7008429CF /* Consts.swift */ = {isa = PBXFileReference; fileEncoding = 4; lastKnownFileType = sourcecode.swift; path = Consts.swift; sourceTree = "<group>"; };
		0ADFA4EA28BCCBC7008429CF /* DependencyFactory.swift */ = {isa = PBXFileReference; fileEncoding = 4; lastKnownFileType = sourcecode.swift; path = DependencyFactory.swift; sourceTree = "<group>"; };
		0ADFA4ED28BCCBC7008429CF /* DogsViewController.swift */ = {isa = PBXFileReference; fileEncoding = 4; lastKnownFileType = sourcecode.swift; path = DogsViewController.swift; sourceTree = "<group>"; };
		0ADFA4EE28BCCBC7008429CF /* DogsViewModel.swift */ = {isa = PBXFileReference; fileEncoding = 4; lastKnownFileType = sourcecode.swift; path = DogsViewModel.swift; sourceTree = "<group>"; };
		0ADFA4EF28BCCBC7008429CF /* DogsCoordinator.swift */ = {isa = PBXFileReference; fileEncoding = 4; lastKnownFileType = sourcecode.swift; path = DogsCoordinator.swift; sourceTree = "<group>"; };
		0ADFA4F128BCCBC7008429CF /* CatsViewController.swift */ = {isa = PBXFileReference; fileEncoding = 4; lastKnownFileType = sourcecode.swift; path = CatsViewController.swift; sourceTree = "<group>"; };
		0ADFA4F228BCCBC7008429CF /* CatsViewModel.swift */ = {isa = PBXFileReference; fileEncoding = 4; lastKnownFileType = sourcecode.swift; path = CatsViewModel.swift; sourceTree = "<group>"; };
		0ADFA51228BCCC48008429CF /* Assets.xcassets */ = {isa = PBXFileReference; lastKnownFileType = folder.assetcatalog; path = Assets.xcassets; sourceTree = "<group>"; };
		0ADFA51428BCCC48008429CF /* Base */ = {isa = PBXFileReference; lastKnownFileType = file.storyboard; name = Base; path = Base.lproj/LaunchScreen.storyboard; sourceTree = "<group>"; };
		0ADFA51528BCCC48008429CF /* LaunchScreenImage.png */ = {isa = PBXFileReference; lastKnownFileType = image.png; path = LaunchScreenImage.png; sourceTree = "<group>"; };
		252D6949CF69B4B03E8FE9D1 /* Pods-DXMVVMCExample-DXMVVMCExampleUITests.debug.xcconfig */ = {isa = PBXFileReference; includeInIndex = 1; lastKnownFileType = text.xcconfig; name = "Pods-DXMVVMCExample-DXMVVMCExampleUITests.debug.xcconfig"; path = "Target Support Files/Pods-DXMVVMCExample-DXMVVMCExampleUITests/Pods-DXMVVMCExample-DXMVVMCExampleUITests.debug.xcconfig"; sourceTree = "<group>"; };
		41FD5192B0120ED64483FAB1 /* Pods_DXMVVMCExampleTests.framework */ = {isa = PBXFileReference; explicitFileType = wrapper.framework; includeInIndex = 0; path = Pods_DXMVVMCExampleTests.framework; sourceTree = BUILT_PRODUCTS_DIR; };
		650738CA9428DAC2A119ABF0 /* Pods-DXMVVMCExampleTests.release.xcconfig */ = {isa = PBXFileReference; includeInIndex = 1; lastKnownFileType = text.xcconfig; name = "Pods-DXMVVMCExampleTests.release.xcconfig"; path = "Target Support Files/Pods-DXMVVMCExampleTests/Pods-DXMVVMCExampleTests.release.xcconfig"; sourceTree = "<group>"; };
		8BD5B0CD20E63BA5D5D83E46 /* Pods_DXMVVMCExample.framework */ = {isa = PBXFileReference; explicitFileType = wrapper.framework; includeInIndex = 0; path = Pods_DXMVVMCExample.framework; sourceTree = BUILT_PRODUCTS_DIR; };
		972739985A07D1E424E6CC5E /* Pods_DXMVVMCExample_DXMVVMCExampleUITests.framework */ = {isa = PBXFileReference; explicitFileType = wrapper.framework; includeInIndex = 0; path = Pods_DXMVVMCExample_DXMVVMCExampleUITests.framework; sourceTree = BUILT_PRODUCTS_DIR; };
		A23A4F7FD4982C893E69F78D /* Pods-DXMVVMCExample.debug.xcconfig */ = {isa = PBXFileReference; includeInIndex = 1; lastKnownFileType = text.xcconfig; name = "Pods-DXMVVMCExample.debug.xcconfig"; path = "Target Support Files/Pods-DXMVVMCExample/Pods-DXMVVMCExample.debug.xcconfig"; sourceTree = "<group>"; };
		A49E059DA3F665B6D6C2EFC6 /* Pods-DXMVVMCExampleTests.debug.xcconfig */ = {isa = PBXFileReference; includeInIndex = 1; lastKnownFileType = text.xcconfig; name = "Pods-DXMVVMCExampleTests.debug.xcconfig"; path = "Target Support Files/Pods-DXMVVMCExampleTests/Pods-DXMVVMCExampleTests.debug.xcconfig"; sourceTree = "<group>"; };
		ECC42B529B10B38364B8CB37 /* Pods-DXMVVMCExample-DXMVVMCExampleUITests.release.xcconfig */ = {isa = PBXFileReference; includeInIndex = 1; lastKnownFileType = text.xcconfig; name = "Pods-DXMVVMCExample-DXMVVMCExampleUITests.release.xcconfig"; path = "Target Support Files/Pods-DXMVVMCExample-DXMVVMCExampleUITests/Pods-DXMVVMCExample-DXMVVMCExampleUITests.release.xcconfig"; sourceTree = "<group>"; };
		F0DF94CB94DD04A9A66B8B20 /* Pods-DXMVVMCExample.release.xcconfig */ = {isa = PBXFileReference; includeInIndex = 1; lastKnownFileType = text.xcconfig; name = "Pods-DXMVVMCExample.release.xcconfig"; path = "Target Support Files/Pods-DXMVVMCExample/Pods-DXMVVMCExample.release.xcconfig"; sourceTree = "<group>"; };
/* End PBXFileReference section */

/* Begin PBXFrameworksBuildPhase section */
		0ADFA48F28BCCB78008429CF /* Frameworks */ = {
			isa = PBXFrameworksBuildPhase;
			buildActionMask = 2147483647;
			files = (
				34E835D5D0D9EB05F0CB8817 /* Pods_DXMVVMCExample.framework in Frameworks */,
			);
			runOnlyForDeploymentPostprocessing = 0;
		};
		0ADFA4A528BCCB7A008429CF /* Frameworks */ = {
			isa = PBXFrameworksBuildPhase;
			buildActionMask = 2147483647;
			files = (
				283F11CC74AD0039CE87871E /* Pods_DXMVVMCExampleTests.framework in Frameworks */,
			);
			runOnlyForDeploymentPostprocessing = 0;
		};
		0ADFA4AF28BCCB7A008429CF /* Frameworks */ = {
			isa = PBXFrameworksBuildPhase;
			buildActionMask = 2147483647;
			files = (
				8608F3F7EA144FEEBDC04583 /* Pods_DXMVVMCExample_DXMVVMCExampleUITests.framework in Frameworks */,
			);
			runOnlyForDeploymentPostprocessing = 0;
		};
/* End PBXFrameworksBuildPhase section */

/* Begin PBXGroup section */
		0ADFA48928BCCB78008429CF = {
			isa = PBXGroup;
			children = (
				0ADFA49428BCCB78008429CF /* DXMVVMCExample */,
				0ADFA4AB28BCCB7A008429CF /* DXMVVMCExampleTests */,
				0ADFA4B528BCCB7A008429CF /* DXMVVMCExampleUITests */,
				0ADFA49328BCCB78008429CF /* Products */,
				E293026B828C89B21DBD1626 /* Pods */,
				3FC32257CC64881074581B53 /* Frameworks */,
			);
			sourceTree = "<group>";
		};
		0ADFA49328BCCB78008429CF /* Products */ = {
			isa = PBXGroup;
			children = (
				0ADFA49228BCCB78008429CF /* DXMVVMCExample.app */,
				0ADFA4A828BCCB7A008429CF /* DXMVVMCExampleTests.xctest */,
				0ADFA4B228BCCB7A008429CF /* DXMVVMCExampleUITests.xctest */,
			);
			name = Products;
			sourceTree = "<group>";
		};
		0ADFA49428BCCB78008429CF /* DXMVVMCExample */ = {
			isa = PBXGroup;
			children = (
				0ADFA4C528BCCBC7008429CF /* Source */,
				0ADFA51128BCCC48008429CF /* Ressources */,
			);
			path = DXMVVMCExample;
			sourceTree = "<group>";
		};
		0ADFA4AB28BCCB7A008429CF /* DXMVVMCExampleTests */ = {
			isa = PBXGroup;
			children = (
				0ADFA4AC28BCCB7A008429CF /* DXMVVMCExampleTests.swift */,
			);
			path = DXMVVMCExampleTests;
			sourceTree = "<group>";
		};
		0ADFA4B528BCCB7A008429CF /* DXMVVMCExampleUITests */ = {
			isa = PBXGroup;
			children = (
				0ADFA4B628BCCB7A008429CF /* DXMVVMCExampleUITests.swift */,
				0ADFA4B828BCCB7A008429CF /* DXMVVMCExampleUITestsLaunchTests.swift */,
			);
			path = DXMVVMCExampleUITests;
			sourceTree = "<group>";
		};
		0ADFA4C528BCCBC7008429CF /* Source */ = {
			isa = PBXGroup;
			children = (
				0ADFA4C628BCCBC7008429CF /* Core */,
				0ADFA4EB28BCCBC7008429CF /* Features */,
			);
			path = Source;
			sourceTree = "<group>";
		};
		0ADFA4C628BCCBC7008429CF /* Core */ = {
			isa = PBXGroup;
			children = (
				0ADFA4C728BCCBC7008429CF /* NetowrkLayer */,
				0ADFA4CC28BCCBC7008429CF /* Coordinator */,
				0ADFA4D228BCCBC7008429CF /* Commen */,
				0ADFA4E028BCCBC7008429CF /* Application */,
				0ADFA4E328BCCBC7008429CF /* Helpers */,
				0ADFA4E728BCCBC7008429CF /* Consts */,
				0ADFA4E928BCCBC7008429CF /* Factory */,
			);
			path = Core;
			sourceTree = "<group>";
		};
		0ADFA4C728BCCBC7008429CF /* NetowrkLayer */ = {
			isa = PBXGroup;
			children = (
				0ADFA4C828BCCBC7008429CF /* ImageLoader.swift */,
				0ADFA4C928BCCBC7008429CF /* GalleryEndpoint.swift */,
				0ADFA4CA28BCCBC7008429CF /* NetworkEngine.swift */,
				0ADFA4CB28BCCBC7008429CF /* Endpoint.swift */,
			);
			path = NetowrkLayer;
			sourceTree = "<group>";
		};
		0ADFA4CC28BCCBC7008429CF /* Coordinator */ = {
			isa = PBXGroup;
			children = (
				0ADFA4CD28BCCBC7008429CF /* AppCoordinator.swift */,
				0ADFA4CE28BCCBC7008429CF /* ProjectCoordinator.swift */,
				0ADFA4CF28BCCBC7008429CF /* AbstractCoordinator.swift */,
				0ADFA4D028BCCBC7008429CF /* TabCoordinator.swift */,
				0ADFA4D128BCCBC7008429CF /* RootCoordinator.swift */,
			);
			path = Coordinator;
			sourceTree = "<group>";
		};
		0ADFA4D228BCCBC7008429CF /* Commen */ = {
			isa = PBXGroup;
			children = (
				0ADFA4D328BCCBC7008429CF /* DataSources */,
				0ADFA4DA28BCCBC7008429CF /* ViewModels */,
				0ADFA4DB28BCCBC7008429CF /* DataModels */,
				0ADFA4DD28BCCBC7008429CF /* Views */,
			);
			path = Commen;
			sourceTree = "<group>";
		};
		0ADFA4D328BCCBC7008429CF /* DataSources */ = {
			isa = PBXGroup;
			children = (
				0ADFA4D428BCCBC7008429CF /* PuppiesListDataSource.swift */,
				0ADFA4D528BCCBC7008429CF /* CatsListDataSource.swift */,
				0ADFA4D628BCCBC7008429CF /* KittensListDataSource.swift */,
				0ADFA4D728BCCBC7008429CF /* DogsGalleryListDataSource.swift */,
				0ADFA4D828BCCBC7008429CF /* DogsListDataSource.swift */,
				0ADFA4D928BCCBC7008429CF /* CatsGalleryListDataSource.swift */,
			);
			path = DataSources;
			sourceTree = "<group>";
		};
		0ADFA4DA28BCCBC7008429CF /* ViewModels */ = {
			isa = PBXGroup;
			children = (
			);
			path = ViewModels;
			sourceTree = "<group>";
		};
		0ADFA4DB28BCCBC7008429CF /* DataModels */ = {
			isa = PBXGroup;
			children = (
				0ADFA4DC28BCCBC7008429CF /* Post.swift */,
			);
			path = DataModels;
			sourceTree = "<group>";
		};
		0ADFA4DD28BCCBC7008429CF /* Views */ = {
			isa = PBXGroup;
			children = (
				0ADFA4DE28BCCBC7008429CF /* ImageTableViewCell.swift */,
				0ADFA4DF28BCCBC7008429CF /* AsyncImageView.swift */,
			);
			path = Views;
			sourceTree = "<group>";
		};
		0ADFA4E028BCCBC7008429CF /* Application */ = {
			isa = PBXGroup;
			children = (
				0ADFA4E128BCCBC7008429CF /* AppDelegate.swift */,
				0ADFA4E228BCCBC7008429CF /* SceneDelegate.swift */,
			);
			path = Application;
			sourceTree = "<group>";
		};
		0ADFA4E328BCCBC7008429CF /* Helpers */ = {
			isa = PBXGroup;
			children = (
				0ADFA4E428BCCBC7008429CF /* LayoutConstraintHelper.swift */,
				0ADFA4E528BCCBC7008429CF /* CellIdentifier.swift */,
				0ADFA4E628BCCBC7008429CF /* Observable.swift */,
			);
			path = Helpers;
			sourceTree = "<group>";
		};
		0ADFA4E728BCCBC7008429CF /* Consts */ = {
			isa = PBXGroup;
			children = (
				0ADFA4E828BCCBC7008429CF /* Consts.swift */,
			);
			path = Consts;
			sourceTree = "<group>";
		};
		0ADFA4E928BCCBC7008429CF /* Factory */ = {
			isa = PBXGroup;
			children = (
				0ADFA4EA28BCCBC7008429CF /* DependencyFactory.swift */,
			);
			path = Factory;
			sourceTree = "<group>";
		};
		0ADFA4EB28BCCBC7008429CF /* Features */ = {
			isa = PBXGroup;
			children = (
				0ADFA4F028BCCBC7008429CF /* Cats */,
				0ADFA4EC28BCCBC7008429CF /* Dogs */,
			);
			path = Features;
			sourceTree = "<group>";
		};
		0ADFA4EC28BCCBC7008429CF /* Dogs */ = {
			isa = PBXGroup;
			children = (
				0ADFA4ED28BCCBC7008429CF /* DogsViewController.swift */,
				0ADFA4EE28BCCBC7008429CF /* DogsViewModel.swift */,
				0ADFA4EF28BCCBC7008429CF /* DogsCoordinator.swift */,
			);
			path = Dogs;
			sourceTree = "<group>";
		};
		0ADFA4F028BCCBC7008429CF /* Cats */ = {
			isa = PBXGroup;
			children = (
				0ADFA4F128BCCBC7008429CF /* CatsViewController.swift */,
				0ADFA4F228BCCBC7008429CF /* CatsViewModel.swift */,
			);
			path = Cats;
			sourceTree = "<group>";
		};
		0ADFA51128BCCC48008429CF /* Ressources */ = {
			isa = PBXGroup;
			children = (
				0ADFA4A328BCCB7A008429CF /* Info.plist */,
				0ADFA51228BCCC48008429CF /* Assets.xcassets */,
				0ADFA51328BCCC48008429CF /* LaunchScreen.storyboard */,
				0ADFA51528BCCC48008429CF /* LaunchScreenImage.png */,
			);
			path = Ressources;
			sourceTree = "<group>";
		};
		3FC32257CC64881074581B53 /* Frameworks */ = {
			isa = PBXGroup;
			children = (
				8BD5B0CD20E63BA5D5D83E46 /* Pods_DXMVVMCExample.framework */,
				972739985A07D1E424E6CC5E /* Pods_DXMVVMCExample_DXMVVMCExampleUITests.framework */,
				41FD5192B0120ED64483FAB1 /* Pods_DXMVVMCExampleTests.framework */,
			);
			name = Frameworks;
			sourceTree = "<group>";
		};
		E293026B828C89B21DBD1626 /* Pods */ = {
			isa = PBXGroup;
			children = (
				A23A4F7FD4982C893E69F78D /* Pods-DXMVVMCExample.debug.xcconfig */,
				F0DF94CB94DD04A9A66B8B20 /* Pods-DXMVVMCExample.release.xcconfig */,
				252D6949CF69B4B03E8FE9D1 /* Pods-DXMVVMCExample-DXMVVMCExampleUITests.debug.xcconfig */,
				ECC42B529B10B38364B8CB37 /* Pods-DXMVVMCExample-DXMVVMCExampleUITests.release.xcconfig */,
				A49E059DA3F665B6D6C2EFC6 /* Pods-DXMVVMCExampleTests.debug.xcconfig */,
				650738CA9428DAC2A119ABF0 /* Pods-DXMVVMCExampleTests.release.xcconfig */,
			);
			path = Pods;
			sourceTree = "<group>";
		};
/* End PBXGroup section */

/* Begin PBXNativeTarget section */
		0ADFA49128BCCB78008429CF /* DXMVVMCExample */ = {
			isa = PBXNativeTarget;
			buildConfigurationList = 0ADFA4BC28BCCB7A008429CF /* Build configuration list for PBXNativeTarget "DXMVVMCExample" */;
			buildPhases = (
				380FABF72C563AB687F72E91 /* [CP] Check Pods Manifest.lock */,
				0ADFA48E28BCCB78008429CF /* Sources */,
				0ADFA48F28BCCB78008429CF /* Frameworks */,
				0ADFA49028BCCB78008429CF /* Resources */,
				14D6DA0B8C5AF81C6BF2F84B /* [CP] Embed Pods Frameworks */,
			);
			buildRules = (
			);
			dependencies = (
			);
			name = DXMVVMCExample;
			productName = DXMVVMCExample;
			productReference = 0ADFA49228BCCB78008429CF /* DXMVVMCExample.app */;
			productType = "com.apple.product-type.application";
		};
		0ADFA4A728BCCB7A008429CF /* DXMVVMCExampleTests */ = {
			isa = PBXNativeTarget;
			buildConfigurationList = 0ADFA4BF28BCCB7A008429CF /* Build configuration list for PBXNativeTarget "DXMVVMCExampleTests" */;
			buildPhases = (
				77E85DEB68C78706A17A93CA /* [CP] Check Pods Manifest.lock */,
				0ADFA4A428BCCB7A008429CF /* Sources */,
				0ADFA4A528BCCB7A008429CF /* Frameworks */,
				0ADFA4A628BCCB7A008429CF /* Resources */,
				E6727F79922D2DD57E25F3E9 /* [CP] Embed Pods Frameworks */,
			);
			buildRules = (
			);
			dependencies = (
				0ADFA4AA28BCCB7A008429CF /* PBXTargetDependency */,
			);
			name = DXMVVMCExampleTests;
			productName = DXMVVMCExampleTests;
			productReference = 0ADFA4A828BCCB7A008429CF /* DXMVVMCExampleTests.xctest */;
			productType = "com.apple.product-type.bundle.unit-test";
		};
		0ADFA4B128BCCB7A008429CF /* DXMVVMCExampleUITests */ = {
			isa = PBXNativeTarget;
			buildConfigurationList = 0ADFA4C228BCCB7A008429CF /* Build configuration list for PBXNativeTarget "DXMVVMCExampleUITests" */;
			buildPhases = (
				3F2563B6096003C5A0C014A2 /* [CP] Check Pods Manifest.lock */,
				0ADFA4AE28BCCB7A008429CF /* Sources */,
				0ADFA4AF28BCCB7A008429CF /* Frameworks */,
				0ADFA4B028BCCB7A008429CF /* Resources */,
				605CC22C6E3A59D79A8C2283 /* [CP] Embed Pods Frameworks */,
			);
			buildRules = (
			);
			dependencies = (
				0ADFA4B428BCCB7A008429CF /* PBXTargetDependency */,
			);
			name = DXMVVMCExampleUITests;
			productName = DXMVVMCExampleUITests;
			productReference = 0ADFA4B228BCCB7A008429CF /* DXMVVMCExampleUITests.xctest */;
			productType = "com.apple.product-type.bundle.ui-testing";
		};
/* End PBXNativeTarget section */

/* Begin PBXProject section */
		0ADFA48A28BCCB78008429CF /* Project object */ = {
			isa = PBXProject;
			attributes = {
				BuildIndependentTargetsInParallel = 1;
				LastSwiftUpdateCheck = 1340;
				LastUpgradeCheck = 1340;
				TargetAttributes = {
					0ADFA49128BCCB78008429CF = {
						CreatedOnToolsVersion = 13.4.1;
					};
					0ADFA4A728BCCB7A008429CF = {
						CreatedOnToolsVersion = 13.4.1;
						TestTargetID = 0ADFA49128BCCB78008429CF;
					};
					0ADFA4B128BCCB7A008429CF = {
						CreatedOnToolsVersion = 13.4.1;
						TestTargetID = 0ADFA49128BCCB78008429CF;
					};
				};
			};
			buildConfigurationList = 0ADFA48D28BCCB78008429CF /* Build configuration list for PBXProject "DXMVVMCExample" */;
			compatibilityVersion = "Xcode 13.0";
			developmentRegion = en;
			hasScannedForEncodings = 0;
			knownRegions = (
				en,
				Base,
			);
			mainGroup = 0ADFA48928BCCB78008429CF;
			productRefGroup = 0ADFA49328BCCB78008429CF /* Products */;
			projectDirPath = "";
			projectRoot = "";
			targets = (
				0ADFA49128BCCB78008429CF /* DXMVVMCExample */,
				0ADFA4A728BCCB7A008429CF /* DXMVVMCExampleTests */,
				0ADFA4B128BCCB7A008429CF /* DXMVVMCExampleUITests */,
			);
		};
/* End PBXProject section */

/* Begin PBXResourcesBuildPhase section */
		0ADFA49028BCCB78008429CF /* Resources */ = {
			isa = PBXResourcesBuildPhase;
			buildActionMask = 2147483647;
			files = (
				0ADFA51628BCCC48008429CF /* Assets.xcassets in Resources */,
				0ADFA51828BCCC48008429CF /* LaunchScreenImage.png in Resources */,
				0ADFA51728BCCC48008429CF /* LaunchScreen.storyboard in Resources */,
			);
			runOnlyForDeploymentPostprocessing = 0;
		};
		0ADFA4A628BCCB7A008429CF /* Resources */ = {
			isa = PBXResourcesBuildPhase;
			buildActionMask = 2147483647;
			files = (
			);
			runOnlyForDeploymentPostprocessing = 0;
		};
		0ADFA4B028BCCB7A008429CF /* Resources */ = {
			isa = PBXResourcesBuildPhase;
			buildActionMask = 2147483647;
			files = (
			);
			runOnlyForDeploymentPostprocessing = 0;
		};
/* End PBXResourcesBuildPhase section */

/* Begin PBXShellScriptBuildPhase section */
		14D6DA0B8C5AF81C6BF2F84B /* [CP] Embed Pods Frameworks */ = {
			isa = PBXShellScriptBuildPhase;
			buildActionMask = 2147483647;
			files = (
			);
			inputFileListPaths = (
				"${PODS_ROOT}/Target Support Files/Pods-DXMVVMCExample/Pods-DXMVVMCExample-frameworks-${CONFIGURATION}-input-files.xcfilelist",
			);
			name = "[CP] Embed Pods Frameworks";
			outputFileListPaths = (
				"${PODS_ROOT}/Target Support Files/Pods-DXMVVMCExample/Pods-DXMVVMCExample-frameworks-${CONFIGURATION}-output-files.xcfilelist",
			);
			runOnlyForDeploymentPostprocessing = 0;
			shellPath = /bin/sh;
			shellScript = "\"${PODS_ROOT}/Target Support Files/Pods-DXMVVMCExample/Pods-DXMVVMCExample-frameworks.sh\"\n";
			showEnvVarsInLog = 0;
		};
		380FABF72C563AB687F72E91 /* [CP] Check Pods Manifest.lock */ = {
			isa = PBXShellScriptBuildPhase;
			buildActionMask = 2147483647;
			files = (
			);
			inputFileListPaths = (
			);
			inputPaths = (
				"${PODS_PODFILE_DIR_PATH}/Podfile.lock",
				"${PODS_ROOT}/Manifest.lock",
			);
			name = "[CP] Check Pods Manifest.lock";
			outputFileListPaths = (
			);
			outputPaths = (
				"$(DERIVED_FILE_DIR)/Pods-DXMVVMCExample-checkManifestLockResult.txt",
			);
			runOnlyForDeploymentPostprocessing = 0;
			shellPath = /bin/sh;
			shellScript = "diff \"${PODS_PODFILE_DIR_PATH}/Podfile.lock\" \"${PODS_ROOT}/Manifest.lock\" > /dev/null\nif [ $? != 0 ] ; then\n    # print error to STDERR\n    echo \"error: The sandbox is not in sync with the Podfile.lock. Run 'pod install' or update your CocoaPods installation.\" >&2\n    exit 1\nfi\n# This output is used by Xcode 'outputs' to avoid re-running this script phase.\necho \"SUCCESS\" > \"${SCRIPT_OUTPUT_FILE_0}\"\n";
			showEnvVarsInLog = 0;
		};
		3F2563B6096003C5A0C014A2 /* [CP] Check Pods Manifest.lock */ = {
			isa = PBXShellScriptBuildPhase;
			buildActionMask = 2147483647;
			files = (
			);
			inputFileListPaths = (
			);
			inputPaths = (
				"${PODS_PODFILE_DIR_PATH}/Podfile.lock",
				"${PODS_ROOT}/Manifest.lock",
			);
			name = "[CP] Check Pods Manifest.lock";
			outputFileListPaths = (
			);
			outputPaths = (
				"$(DERIVED_FILE_DIR)/Pods-DXMVVMCExample-DXMVVMCExampleUITests-checkManifestLockResult.txt",
			);
			runOnlyForDeploymentPostprocessing = 0;
			shellPath = /bin/sh;
			shellScript = "diff \"${PODS_PODFILE_DIR_PATH}/Podfile.lock\" \"${PODS_ROOT}/Manifest.lock\" > /dev/null\nif [ $? != 0 ] ; then\n    # print error to STDERR\n    echo \"error: The sandbox is not in sync with the Podfile.lock. Run 'pod install' or update your CocoaPods installation.\" >&2\n    exit 1\nfi\n# This output is used by Xcode 'outputs' to avoid re-running this script phase.\necho \"SUCCESS\" > \"${SCRIPT_OUTPUT_FILE_0}\"\n";
			showEnvVarsInLog = 0;
		};
		605CC22C6E3A59D79A8C2283 /* [CP] Embed Pods Frameworks */ = {
			isa = PBXShellScriptBuildPhase;
			buildActionMask = 2147483647;
			files = (
			);
			inputFileListPaths = (
				"${PODS_ROOT}/Target Support Files/Pods-DXMVVMCExample-DXMVVMCExampleUITests/Pods-DXMVVMCExample-DXMVVMCExampleUITests-frameworks-${CONFIGURATION}-input-files.xcfilelist",
			);
			name = "[CP] Embed Pods Frameworks";
			outputFileListPaths = (
				"${PODS_ROOT}/Target Support Files/Pods-DXMVVMCExample-DXMVVMCExampleUITests/Pods-DXMVVMCExample-DXMVVMCExampleUITests-frameworks-${CONFIGURATION}-output-files.xcfilelist",
			);
			runOnlyForDeploymentPostprocessing = 0;
			shellPath = /bin/sh;
			shellScript = "\"${PODS_ROOT}/Target Support Files/Pods-DXMVVMCExample-DXMVVMCExampleUITests/Pods-DXMVVMCExample-DXMVVMCExampleUITests-frameworks.sh\"\n";
			showEnvVarsInLog = 0;
		};
		77E85DEB68C78706A17A93CA /* [CP] Check Pods Manifest.lock */ = {
			isa = PBXShellScriptBuildPhase;
			buildActionMask = 2147483647;
			files = (
			);
			inputFileListPaths = (
			);
			inputPaths = (
				"${PODS_PODFILE_DIR_PATH}/Podfile.lock",
				"${PODS_ROOT}/Manifest.lock",
			);
			name = "[CP] Check Pods Manifest.lock";
			outputFileListPaths = (
			);
			outputPaths = (
				"$(DERIVED_FILE_DIR)/Pods-DXMVVMCExampleTests-checkManifestLockResult.txt",
			);
			runOnlyForDeploymentPostprocessing = 0;
			shellPath = /bin/sh;
			shellScript = "diff \"${PODS_PODFILE_DIR_PATH}/Podfile.lock\" \"${PODS_ROOT}/Manifest.lock\" > /dev/null\nif [ $? != 0 ] ; then\n    # print error to STDERR\n    echo \"error: The sandbox is not in sync with the Podfile.lock. Run 'pod install' or update your CocoaPods installation.\" >&2\n    exit 1\nfi\n# This output is used by Xcode 'outputs' to avoid re-running this script phase.\necho \"SUCCESS\" > \"${SCRIPT_OUTPUT_FILE_0}\"\n";
			showEnvVarsInLog = 0;
		};
		E6727F79922D2DD57E25F3E9 /* [CP] Embed Pods Frameworks */ = {
			isa = PBXShellScriptBuildPhase;
			buildActionMask = 2147483647;
			files = (
			);
			inputFileListPaths = (
				"${PODS_ROOT}/Target Support Files/Pods-DXMVVMCExampleTests/Pods-DXMVVMCExampleTests-frameworks-${CONFIGURATION}-input-files.xcfilelist",
			);
			name = "[CP] Embed Pods Frameworks";
			outputFileListPaths = (
				"${PODS_ROOT}/Target Support Files/Pods-DXMVVMCExampleTests/Pods-DXMVVMCExampleTests-frameworks-${CONFIGURATION}-output-files.xcfilelist",
			);
			runOnlyForDeploymentPostprocessing = 0;
			shellPath = /bin/sh;
			shellScript = "\"${PODS_ROOT}/Target Support Files/Pods-DXMVVMCExampleTests/Pods-DXMVVMCExampleTests-frameworks.sh\"\n";
			showEnvVarsInLog = 0;
		};
/* End PBXShellScriptBuildPhase section */

/* Begin PBXSourcesBuildPhase section */
		0ADFA48E28BCCB78008429CF /* Sources */ = {
			isa = PBXSourcesBuildPhase;
			buildActionMask = 2147483647;
			files = (
				0ADFA4F728BCCBC7008429CF /* AppCoordinator.swift in Sources */,
				0ADFA4FA28BCCBC7008429CF /* TabCoordinator.swift in Sources */,
				0ADFA4FF28BCCBC7008429CF /* DogsGalleryListDataSource.swift in Sources */,
				0ADFA50328BCCBC7008429CF /* ImageTableViewCell.swift in Sources */,
				0ADFA50728BCCBC7008429CF /* LayoutConstraintHelper.swift in Sources */,
				0ADFA4FB28BCCBC7008429CF /* RootCoordinator.swift in Sources */,
				0ADFA50228BCCBC7008429CF /* Post.swift in Sources */,
				0ADFA4F828BCCBC7008429CF /* ProjectCoordinator.swift in Sources */,
				0ADFA4F328BCCBC7008429CF /* ImageLoader.swift in Sources */,
				0ADFA50628BCCBC7008429CF /* SceneDelegate.swift in Sources */,
				0ADFA50528BCCBC7008429CF /* AppDelegate.swift in Sources */,
				0ADFA50D28BCCBC7008429CF /* DogsViewModel.swift in Sources */,
				0ADFA50828BCCBC7008429CF /* CellIdentifier.swift in Sources */,
				0ADFA51028BCCBC7008429CF /* CatsViewModel.swift in Sources */,
				0ADFA50E28BCCBC7008429CF /* DogsCoordinator.swift in Sources */,
				0ADFA4F928BCCBC7008429CF /* AbstractCoordinator.swift in Sources */,
				0ADFA4FE28BCCBC7008429CF /* KittensListDataSource.swift in Sources */,
				0ADFA4F528BCCBC7008429CF /* NetworkEngine.swift in Sources */,
				0ADFA50C28BCCBC7008429CF /* DogsViewController.swift in Sources */,
				0ADFA50A28BCCBC7008429CF /* Consts.swift in Sources */,
				0ADFA50928BCCBC7008429CF /* Observable.swift in Sources */,
				0ADFA50F28BCCBC7008429CF /* CatsViewController.swift in Sources */,
				0ADFA50028BCCBC7008429CF /* DogsListDataSource.swift in Sources */,
				0ADFA4F428BCCBC7008429CF /* GalleryEndpoint.swift in Sources */,
				0ADFA50128BCCBC7008429CF /* CatsGalleryListDataSource.swift in Sources */,
				0ADFA50428BCCBC7008429CF /* AsyncImageView.swift in Sources */,
				0ADFA4FD28BCCBC7008429CF /* CatsListDataSource.swift in Sources */,
				0ADFA4F628BCCBC7008429CF /* Endpoint.swift in Sources */,
				0ADFA4FC28BCCBC7008429CF /* PuppiesListDataSource.swift in Sources */,
				0ADFA50B28BCCBC7008429CF /* DependencyFactory.swift in Sources */,
			);
			runOnlyForDeploymentPostprocessing = 0;
		};
		0ADFA4A428BCCB7A008429CF /* Sources */ = {
			isa = PBXSourcesBuildPhase;
			buildActionMask = 2147483647;
			files = (
				0ADFA4AD28BCCB7A008429CF /* DXMVVMCExampleTests.swift in Sources */,
			);
			runOnlyForDeploymentPostprocessing = 0;
		};
		0ADFA4AE28BCCB7A008429CF /* Sources */ = {
			isa = PBXSourcesBuildPhase;
			buildActionMask = 2147483647;
			files = (
				0ADFA4B728BCCB7A008429CF /* DXMVVMCExampleUITests.swift in Sources */,
				0ADFA4B928BCCB7A008429CF /* DXMVVMCExampleUITestsLaunchTests.swift in Sources */,
			);
			runOnlyForDeploymentPostprocessing = 0;
		};
/* End PBXSourcesBuildPhase section */

/* Begin PBXTargetDependency section */
		0ADFA4AA28BCCB7A008429CF /* PBXTargetDependency */ = {
			isa = PBXTargetDependency;
			target = 0ADFA49128BCCB78008429CF /* DXMVVMCExample */;
			targetProxy = 0ADFA4A928BCCB7A008429CF /* PBXContainerItemProxy */;
		};
		0ADFA4B428BCCB7A008429CF /* PBXTargetDependency */ = {
			isa = PBXTargetDependency;
			target = 0ADFA49128BCCB78008429CF /* DXMVVMCExample */;
			targetProxy = 0ADFA4B328BCCB7A008429CF /* PBXContainerItemProxy */;
		};
/* End PBXTargetDependency section */

/* Begin PBXVariantGroup section */
		0ADFA51328BCCC48008429CF /* LaunchScreen.storyboard */ = {
			isa = PBXVariantGroup;
			children = (
				0ADFA51428BCCC48008429CF /* Base */,
			);
			name = LaunchScreen.storyboard;
			sourceTree = "<group>";
		};
/* End PBXVariantGroup section */

/* Begin XCBuildConfiguration section */
		0ADFA4BA28BCCB7A008429CF /* Debug */ = {
			isa = XCBuildConfiguration;
			buildSettings = {
				ALWAYS_SEARCH_USER_PATHS = NO;
				CLANG_ANALYZER_NONNULL = YES;
				CLANG_ANALYZER_NUMBER_OBJECT_CONVERSION = YES_AGGRESSIVE;
				CLANG_CXX_LANGUAGE_STANDARD = "gnu++17";
				CLANG_ENABLE_MODULES = YES;
				CLANG_ENABLE_OBJC_ARC = YES;
				CLANG_ENABLE_OBJC_WEAK = YES;
				CLANG_WARN_BLOCK_CAPTURE_AUTORELEASING = YES;
				CLANG_WARN_BOOL_CONVERSION = YES;
				CLANG_WARN_COMMA = YES;
				CLANG_WARN_CONSTANT_CONVERSION = YES;
				CLANG_WARN_DEPRECATED_OBJC_IMPLEMENTATIONS = YES;
				CLANG_WARN_DIRECT_OBJC_ISA_USAGE = YES_ERROR;
				CLANG_WARN_DOCUMENTATION_COMMENTS = YES;
				CLANG_WARN_EMPTY_BODY = YES;
				CLANG_WARN_ENUM_CONVERSION = YES;
				CLANG_WARN_INFINITE_RECURSION = YES;
				CLANG_WARN_INT_CONVERSION = YES;
				CLANG_WARN_NON_LITERAL_NULL_CONVERSION = YES;
				CLANG_WARN_OBJC_IMPLICIT_RETAIN_SELF = YES;
				CLANG_WARN_OBJC_LITERAL_CONVERSION = YES;
				CLANG_WARN_OBJC_ROOT_CLASS = YES_ERROR;
				CLANG_WARN_QUOTED_INCLUDE_IN_FRAMEWORK_HEADER = YES;
				CLANG_WARN_RANGE_LOOP_ANALYSIS = YES;
				CLANG_WARN_STRICT_PROTOTYPES = YES;
				CLANG_WARN_SUSPICIOUS_MOVE = YES;
				CLANG_WARN_UNGUARDED_AVAILABILITY = YES_AGGRESSIVE;
				CLANG_WARN_UNREACHABLE_CODE = YES;
				CLANG_WARN__DUPLICATE_METHOD_MATCH = YES;
				COPY_PHASE_STRIP = NO;
				DEBUG_INFORMATION_FORMAT = dwarf;
				ENABLE_STRICT_OBJC_MSGSEND = YES;
				ENABLE_TESTABILITY = YES;
				GCC_C_LANGUAGE_STANDARD = gnu11;
				GCC_DYNAMIC_NO_PIC = NO;
				GCC_NO_COMMON_BLOCKS = YES;
				GCC_OPTIMIZATION_LEVEL = 0;
				GCC_PREPROCESSOR_DEFINITIONS = (
					"DEBUG=1",
					"$(inherited)",
				);
				GCC_WARN_64_TO_32_BIT_CONVERSION = YES;
				GCC_WARN_ABOUT_RETURN_TYPE = YES_ERROR;
				GCC_WARN_UNDECLARED_SELECTOR = YES;
				GCC_WARN_UNINITIALIZED_AUTOS = YES_AGGRESSIVE;
				GCC_WARN_UNUSED_FUNCTION = YES;
				GCC_WARN_UNUSED_VARIABLE = YES;
				IPHONEOS_DEPLOYMENT_TARGET = 15.5;
				MTL_ENABLE_DEBUG_INFO = INCLUDE_SOURCE;
				MTL_FAST_MATH = YES;
				ONLY_ACTIVE_ARCH = YES;
				SDKROOT = iphoneos;
				SWIFT_ACTIVE_COMPILATION_CONDITIONS = DEBUG;
				SWIFT_OPTIMIZATION_LEVEL = "-Onone";
			};
			name = Debug;
		};
		0ADFA4BB28BCCB7A008429CF /* Release */ = {
			isa = XCBuildConfiguration;
			buildSettings = {
				ALWAYS_SEARCH_USER_PATHS = NO;
				CLANG_ANALYZER_NONNULL = YES;
				CLANG_ANALYZER_NUMBER_OBJECT_CONVERSION = YES_AGGRESSIVE;
				CLANG_CXX_LANGUAGE_STANDARD = "gnu++17";
				CLANG_ENABLE_MODULES = YES;
				CLANG_ENABLE_OBJC_ARC = YES;
				CLANG_ENABLE_OBJC_WEAK = YES;
				CLANG_WARN_BLOCK_CAPTURE_AUTORELEASING = YES;
				CLANG_WARN_BOOL_CONVERSION = YES;
				CLANG_WARN_COMMA = YES;
				CLANG_WARN_CONSTANT_CONVERSION = YES;
				CLANG_WARN_DEPRECATED_OBJC_IMPLEMENTATIONS = YES;
				CLANG_WARN_DIRECT_OBJC_ISA_USAGE = YES_ERROR;
				CLANG_WARN_DOCUMENTATION_COMMENTS = YES;
				CLANG_WARN_EMPTY_BODY = YES;
				CLANG_WARN_ENUM_CONVERSION = YES;
				CLANG_WARN_INFINITE_RECURSION = YES;
				CLANG_WARN_INT_CONVERSION = YES;
				CLANG_WARN_NON_LITERAL_NULL_CONVERSION = YES;
				CLANG_WARN_OBJC_IMPLICIT_RETAIN_SELF = YES;
				CLANG_WARN_OBJC_LITERAL_CONVERSION = YES;
				CLANG_WARN_OBJC_ROOT_CLASS = YES_ERROR;
				CLANG_WARN_QUOTED_INCLUDE_IN_FRAMEWORK_HEADER = YES;
				CLANG_WARN_RANGE_LOOP_ANALYSIS = YES;
				CLANG_WARN_STRICT_PROTOTYPES = YES;
				CLANG_WARN_SUSPICIOUS_MOVE = YES;
				CLANG_WARN_UNGUARDED_AVAILABILITY = YES_AGGRESSIVE;
				CLANG_WARN_UNREACHABLE_CODE = YES;
				CLANG_WARN__DUPLICATE_METHOD_MATCH = YES;
				COPY_PHASE_STRIP = NO;
				DEBUG_INFORMATION_FORMAT = "dwarf-with-dsym";
				ENABLE_NS_ASSERTIONS = NO;
				ENABLE_STRICT_OBJC_MSGSEND = YES;
				GCC_C_LANGUAGE_STANDARD = gnu11;
				GCC_NO_COMMON_BLOCKS = YES;
				GCC_WARN_64_TO_32_BIT_CONVERSION = YES;
				GCC_WARN_ABOUT_RETURN_TYPE = YES_ERROR;
				GCC_WARN_UNDECLARED_SELECTOR = YES;
				GCC_WARN_UNINITIALIZED_AUTOS = YES_AGGRESSIVE;
				GCC_WARN_UNUSED_FUNCTION = YES;
				GCC_WARN_UNUSED_VARIABLE = YES;
				IPHONEOS_DEPLOYMENT_TARGET = 15.5;
				MTL_ENABLE_DEBUG_INFO = NO;
				MTL_FAST_MATH = YES;
				SDKROOT = iphoneos;
				SWIFT_COMPILATION_MODE = wholemodule;
				SWIFT_OPTIMIZATION_LEVEL = "-O";
				VALIDATE_PRODUCT = YES;
			};
			name = Release;
		};
		0ADFA4BD28BCCB7A008429CF /* Debug */ = {
			isa = XCBuildConfiguration;
			baseConfigurationReference = A23A4F7FD4982C893E69F78D /* Pods-DXMVVMCExample.debug.xcconfig */;
			buildSettings = {
				ASSETCATALOG_COMPILER_APPICON_NAME = AppIcon;
				ASSETCATALOG_COMPILER_GLOBAL_ACCENT_COLOR_NAME = AccentColor;
				CODE_SIGN_IDENTITY = "iPhone Distribution";
				CODE_SIGN_STYLE = Manual;
				CURRENT_PROJECT_VERSION = 23;
				DEVELOPMENT_TEAM = 9W4STM7DA3;
				GENERATE_INFOPLIST_FILE = YES;
				INFOPLIST_FILE = DXMVVMCExample/Ressources/Info.plist;
				INFOPLIST_KEY_CFBundleDisplayName = "DX Cats";
				INFOPLIST_KEY_UIApplicationSupportsIndirectInputEvents = YES;
				INFOPLIST_KEY_UILaunchStoryboardName = LaunchScreen;
				INFOPLIST_KEY_UISupportedInterfaceOrientations_iPad = "UIInterfaceOrientationPortrait UIInterfaceOrientationPortraitUpsideDown UIInterfaceOrientationLandscapeLeft UIInterfaceOrientationLandscapeRight";
				INFOPLIST_KEY_UISupportedInterfaceOrientations_iPhone = "UIInterfaceOrientationPortrait UIInterfaceOrientationLandscapeLeft UIInterfaceOrientationLandscapeRight";
				IPHONEOS_DEPLOYMENT_TARGET = 12.0;
				LD_RUNPATH_SEARCH_PATHS = (
					"$(inherited)",
					"@executable_path/Frameworks",
				);
				MARKETING_VERSION = 1.0.0;
				PRODUCT_BUNDLE_IDENTIFIER = me.yasirromaya.dxcats;
				PRODUCT_NAME = "$(TARGET_NAME)";
				PROVISIONING_PROFILE_SPECIFIER = "match AppStore me.yasirromaya.dxcats";
				SWIFT_EMIT_LOC_STRINGS = YES;
				SWIFT_VERSION = 5.0;
				TARGETED_DEVICE_FAMILY = "1,2";
			};
			name = Debug;
		};
		0ADFA4BE28BCCB7A008429CF /* Release */ = {
			isa = XCBuildConfiguration;
			baseConfigurationReference = F0DF94CB94DD04A9A66B8B20 /* Pods-DXMVVMCExample.release.xcconfig */;
			buildSettings = {
				ASSETCATALOG_COMPILER_APPICON_NAME = AppIcon;
				ASSETCATALOG_COMPILER_GLOBAL_ACCENT_COLOR_NAME = AccentColor;
				CODE_SIGN_IDENTITY = "iPhone Distribution";
				CODE_SIGN_STYLE = Manual;
				CURRENT_PROJECT_VERSION = 23;
				DEVELOPMENT_TEAM = 9W4STM7DA3;
				GENERATE_INFOPLIST_FILE = YES;
				INFOPLIST_FILE = DXMVVMCExample/Ressources/Info.plist;
				INFOPLIST_KEY_CFBundleDisplayName = "DX Cats";
				INFOPLIST_KEY_UIApplicationSupportsIndirectInputEvents = YES;
				INFOPLIST_KEY_UILaunchStoryboardName = LaunchScreen;
				INFOPLIST_KEY_UISupportedInterfaceOrientations_iPad = "UIInterfaceOrientationPortrait UIInterfaceOrientationPortraitUpsideDown UIInterfaceOrientationLandscapeLeft UIInterfaceOrientationLandscapeRight";
				INFOPLIST_KEY_UISupportedInterfaceOrientations_iPhone = "UIInterfaceOrientationPortrait UIInterfaceOrientationLandscapeLeft UIInterfaceOrientationLandscapeRight";
				IPHONEOS_DEPLOYMENT_TARGET = 12.0;
				LD_RUNPATH_SEARCH_PATHS = (
					"$(inherited)",
					"@executable_path/Frameworks",
				);
				MARKETING_VERSION = 1.0.0;
				PRODUCT_BUNDLE_IDENTIFIER = me.yasirromaya.dxcats;
				PRODUCT_NAME = "$(TARGET_NAME)";
				PROVISIONING_PROFILE_SPECIFIER = "match AppStore me.yasirromaya.dxcats";
				SWIFT_EMIT_LOC_STRINGS = YES;
				SWIFT_VERSION = 5.0;
				TARGETED_DEVICE_FAMILY = "1,2";
			};
			name = Release;
		};
		0ADFA4C028BCCB7A008429CF /* Debug */ = {
			isa = XCBuildConfiguration;
			baseConfigurationReference = A49E059DA3F665B6D6C2EFC6 /* Pods-DXMVVMCExampleTests.debug.xcconfig */;
			buildSettings = {
				ALWAYS_EMBED_SWIFT_STANDARD_LIBRARIES = YES;
				BUNDLE_LOADER = "$(TEST_HOST)";
				CODE_SIGN_STYLE = Automatic;
				CURRENT_PROJECT_VERSION = 1;
				DEVELOPMENT_TEAM = 9W4STM7DA3;
				GENERATE_INFOPLIST_FILE = YES;
				IPHONEOS_DEPLOYMENT_TARGET = 15.5;
				MARKETING_VERSION = 1.0;
				PRODUCT_BUNDLE_IDENTIFIER = me.yasirromaya.DXMVVMCExampleTests;
				PRODUCT_NAME = "$(TARGET_NAME)";
				SWIFT_EMIT_LOC_STRINGS = NO;
				SWIFT_VERSION = 5.0;
				TARGETED_DEVICE_FAMILY = "1,2";
				TEST_HOST = "$(BUILT_PRODUCTS_DIR)/DXMVVMCExample.app/DXMVVMCExample";
			};
			name = Debug;
		};
		0ADFA4C128BCCB7A008429CF /* Release */ = {
			isa = XCBuildConfiguration;
			baseConfigurationReference = 650738CA9428DAC2A119ABF0 /* Pods-DXMVVMCExampleTests.release.xcconfig */;
			buildSettings = {
				ALWAYS_EMBED_SWIFT_STANDARD_LIBRARIES = YES;
				BUNDLE_LOADER = "$(TEST_HOST)";
				CODE_SIGN_STYLE = Automatic;
				CURRENT_PROJECT_VERSION = 1;
				DEVELOPMENT_TEAM = 9W4STM7DA3;
				GENERATE_INFOPLIST_FILE = YES;
				IPHONEOS_DEPLOYMENT_TARGET = 15.5;
				MARKETING_VERSION = 1.0;
				PRODUCT_BUNDLE_IDENTIFIER = me.yasirromaya.DXMVVMCExampleTests;
				PRODUCT_NAME = "$(TARGET_NAME)";
				SWIFT_EMIT_LOC_STRINGS = NO;
				SWIFT_VERSION = 5.0;
				TARGETED_DEVICE_FAMILY = "1,2";
				TEST_HOST = "$(BUILT_PRODUCTS_DIR)/DXMVVMCExample.app/DXMVVMCExample";
			};
			name = Release;
		};
		0ADFA4C328BCCB7A008429CF /* Debug */ = {
			isa = XCBuildConfiguration;
			baseConfigurationReference = 252D6949CF69B4B03E8FE9D1 /* Pods-DXMVVMCExample-DXMVVMCExampleUITests.debug.xcconfig */;
			buildSettings = {
				ALWAYS_EMBED_SWIFT_STANDARD_LIBRARIES = YES;
				CODE_SIGN_STYLE = Automatic;
				CURRENT_PROJECT_VERSION = 1;
				DEVELOPMENT_TEAM = 9W4STM7DA3;
				GENERATE_INFOPLIST_FILE = YES;
				MARKETING_VERSION = 1.0;
				PRODUCT_BUNDLE_IDENTIFIER = me.yasirromaya.DXMVVMCExampleUITests;
				PRODUCT_NAME = "$(TARGET_NAME)";
				SWIFT_EMIT_LOC_STRINGS = NO;
				SWIFT_VERSION = 5.0;
				TARGETED_DEVICE_FAMILY = "1,2";
				TEST_TARGET_NAME = DXMVVMCExample;
			};
			name = Debug;
		};
		0ADFA4C428BCCB7A008429CF /* Release */ = {
			isa = XCBuildConfiguration;
			baseConfigurationReference = ECC42B529B10B38364B8CB37 /* Pods-DXMVVMCExample-DXMVVMCExampleUITests.release.xcconfig */;
			buildSettings = {
				ALWAYS_EMBED_SWIFT_STANDARD_LIBRARIES = YES;
				CODE_SIGN_STYLE = Automatic;
				CURRENT_PROJECT_VERSION = 1;
				DEVELOPMENT_TEAM = 9W4STM7DA3;
				GENERATE_INFOPLIST_FILE = YES;
				MARKETING_VERSION = 1.0;
				PRODUCT_BUNDLE_IDENTIFIER = me.yasirromaya.DXMVVMCExampleUITests;
				PRODUCT_NAME = "$(TARGET_NAME)";
				SWIFT_EMIT_LOC_STRINGS = NO;
				SWIFT_VERSION = 5.0;
				TARGETED_DEVICE_FAMILY = "1,2";
				TEST_TARGET_NAME = DXMVVMCExample;
			};
			name = Release;
		};
/* End XCBuildConfiguration section */

/* Begin XCConfigurationList section */
		0ADFA48D28BCCB78008429CF /* Build configuration list for PBXProject "DXMVVMCExample" */ = {
			isa = XCConfigurationList;
			buildConfigurations = (
				0ADFA4BA28BCCB7A008429CF /* Debug */,
				0ADFA4BB28BCCB7A008429CF /* Release */,
			);
			defaultConfigurationIsVisible = 0;
			defaultConfigurationName = Release;
		};
		0ADFA4BC28BCCB7A008429CF /* Build configuration list for PBXNativeTarget "DXMVVMCExample" */ = {
			isa = XCConfigurationList;
			buildConfigurations = (
				0ADFA4BD28BCCB7A008429CF /* Debug */,
				0ADFA4BE28BCCB7A008429CF /* Release */,
			);
			defaultConfigurationIsVisible = 0;
			defaultConfigurationName = Release;
		};
		0ADFA4BF28BCCB7A008429CF /* Build configuration list for PBXNativeTarget "DXMVVMCExampleTests" */ = {
			isa = XCConfigurationList;
			buildConfigurations = (
				0ADFA4C028BCCB7A008429CF /* Debug */,
				0ADFA4C128BCCB7A008429CF /* Release */,
			);
			defaultConfigurationIsVisible = 0;
			defaultConfigurationName = Release;
		};
		0ADFA4C228BCCB7A008429CF /* Build configuration list for PBXNativeTarget "DXMVVMCExampleUITests" */ = {
			isa = XCConfigurationList;
			buildConfigurations = (
				0ADFA4C328BCCB7A008429CF /* Debug */,
				0ADFA4C428BCCB7A008429CF /* Release */,
			);
			defaultConfigurationIsVisible = 0;
			defaultConfigurationName = Release;
		};
/* End XCConfigurationList section */
	};
	rootObject = 0ADFA48A28BCCB78008429CF /* Project object */;
}
