// !$*UTF8*$!
{
	archiveVersion = 1;
	classes = {
	};
	objectVersion = 55;
	objects = {

/* Begin PBXBuildFile section */
		0A4CF18C2947118E003B85DB /* Coordinator.swift in Sources */ = {isa = PBXBuildFile; fileRef = 0A4CF18B2947118E003B85DB /* Coordinator.swift */; };
		0A4CF1902947320D003B85DB /* CatsCoordinator.swift in Sources */ = {isa = PBXBuildFile; fileRef = 0A4CF18F2947320D003B85DB /* CatsCoordinator.swift */; };
		0A7C9553294764020045EBAA /* AppTabBarController.swift in Sources */ = {isa = PBXBuildFile; fileRef = 0A7C9552294764020045EBAA /* AppTabBarController.swift */; };
		0ACDC002294F6E300020226F /* AutoGeneratedMocks.swift in Sources */ = {isa = PBXBuildFile; fileRef = 0ACDC001294F6E300020226F /* AutoGeneratedMocks.swift */; };
		0ACDC004294F708D0020226F /* Factory.swift in Sources */ = {isa = PBXBuildFile; fileRef = 0ACDC003294F708D0020226F /* Factory.swift */; };
		0ACDC006294F70E10020226F /* InjectionContainer.swift in Sources */ = {isa = PBXBuildFile; fileRef = 0ACDC005294F70E10020226F /* InjectionContainer.swift */; };
		0AD220CF28E32C0400676E6D /* SnapshotHelper.swift in Sources */ = {isa = PBXBuildFile; fileRef = 0AD220CE28E32C0400676E6D /* SnapshotHelper.swift */; };
		0AD75F4C295990A30038C77E /* CatsPost.swift in Sources */ = {isa = PBXBuildFile; fileRef = 0AD75F4B295990A30038C77E /* CatsPost.swift */; };
		0AD75F4E2959918B0038C77E /* CatsRemoteDataSource.swift in Sources */ = {isa = PBXBuildFile; fileRef = 0AD75F4D2959918B0038C77E /* CatsRemoteDataSource.swift */; };
		0AD75F502959930E0038C77E /* CatsRepositroyImpl.swift in Sources */ = {isa = PBXBuildFile; fileRef = 0AD75F4F2959930E0038C77E /* CatsRepositroyImpl.swift */; };
		0AD75F5229599FEF0038C77E /* CatsRepositroy.swift in Sources */ = {isa = PBXBuildFile; fileRef = 0AD75F5129599FEF0038C77E /* CatsRepositroy.swift */; };
		0AD75F542959A0930038C77E /* CatsUseCase.swift in Sources */ = {isa = PBXBuildFile; fileRef = 0AD75F532959A0930038C77E /* CatsUseCase.swift */; };
		0AD75F592959A84E0038C77E /* KittensRemoteDataSource.swift in Sources */ = {isa = PBXBuildFile; fileRef = 0AD75F582959A84E0038C77E /* KittensRemoteDataSource.swift */; };
		0AD75F5B2959A8AD0038C77E /* KittensRepositroyImpl.swift in Sources */ = {isa = PBXBuildFile; fileRef = 0AD75F5A2959A8AD0038C77E /* KittensRepositroyImpl.swift */; };
		0AD75F5D2959A92C0038C77E /* KittensRepositroy.swift in Sources */ = {isa = PBXBuildFile; fileRef = 0AD75F5C2959A92C0038C77E /* KittensRepositroy.swift */; };
		0AD75F5F2959A9C00038C77E /* KittensUseCase.swift in Sources */ = {isa = PBXBuildFile; fileRef = 0AD75F5E2959A9C00038C77E /* KittensUseCase.swift */; };
		0AD75F7E2959AAD50038C77E /* PuppiesRemoteDataSource.swift in Sources */ = {isa = PBXBuildFile; fileRef = 0AD75F642959AAD50038C77E /* PuppiesRemoteDataSource.swift */; };
		0AD75F7F2959AAD50038C77E /* DogsRemoteDataSource.swift in Sources */ = {isa = PBXBuildFile; fileRef = 0AD75F652959AAD50038C77E /* DogsRemoteDataSource.swift */; };
		0AD75F802959AAD50038C77E /* DogsRepositroyImpl.swift in Sources */ = {isa = PBXBuildFile; fileRef = 0AD75F682959AAD50038C77E /* DogsRepositroyImpl.swift */; };
		0AD75F812959AAD50038C77E /* PuppiesRepositroyImpl.swift in Sources */ = {isa = PBXBuildFile; fileRef = 0AD75F692959AAD50038C77E /* PuppiesRepositroyImpl.swift */; };
		0AD75F822959AAD50038C77E /* PuppiesRepositroy.swift in Sources */ = {isa = PBXBuildFile; fileRef = 0AD75F6C2959AAD50038C77E /* PuppiesRepositroy.swift */; };
		0AD75F832959AAD50038C77E /* DogsRepositroy.swift in Sources */ = {isa = PBXBuildFile; fileRef = 0AD75F6D2959AAD50038C77E /* DogsRepositroy.swift */; };
		0AD75F842959AAD50038C77E /* PuppiesUseCase.swift in Sources */ = {isa = PBXBuildFile; fileRef = 0AD75F6F2959AAD50038C77E /* PuppiesUseCase.swift */; };
		0AD75F852959AAD50038C77E /* DogsUseCase.swift in Sources */ = {isa = PBXBuildFile; fileRef = 0AD75F702959AAD50038C77E /* DogsUseCase.swift */; };
		0AD75F862959AAD50038C77E /* DogsPost.swift in Sources */ = {isa = PBXBuildFile; fileRef = 0AD75F722959AAD50038C77E /* DogsPost.swift */; };
		0AD75F882959AAD50038C77E /* DogsViewModel.swift in Sources */ = {isa = PBXBuildFile; fileRef = 0AD75F772959AAD50038C77E /* DogsViewModel.swift */; };
		0AD75F8E2959BA510038C77E /* CustomNavigationController.swift in Sources */ = {isa = PBXBuildFile; fileRef = 0AD75F8D2959BA510038C77E /* CustomNavigationController.swift */; };
		0ADFA4B728BCCB7A008429CF /* DXMVVMCExampleUITests.swift in Sources */ = {isa = PBXBuildFile; fileRef = 0ADFA4B628BCCB7A008429CF /* DXMVVMCExampleUITests.swift */; };
		0ADFA4B928BCCB7A008429CF /* DXMVVMCExampleUITestsLaunchTests.swift in Sources */ = {isa = PBXBuildFile; fileRef = 0ADFA4B828BCCB7A008429CF /* DXMVVMCExampleUITestsLaunchTests.swift */; };
		0ADFA4F328BCCBC7008429CF /* ImageLoader.swift in Sources */ = {isa = PBXBuildFile; fileRef = 0ADFA4C828BCCBC7008429CF /* ImageLoader.swift */; };
		0ADFA4F428BCCBC7008429CF /* GalleryEndpoint.swift in Sources */ = {isa = PBXBuildFile; fileRef = 0ADFA4C928BCCBC7008429CF /* GalleryEndpoint.swift */; };
		0ADFA4F528BCCBC7008429CF /* NetworkEngine.swift in Sources */ = {isa = PBXBuildFile; fileRef = 0ADFA4CA28BCCBC7008429CF /* NetworkEngine.swift */; };
		0ADFA4FC28BCCBC7008429CF /* PuppiesListDataSource.swift in Sources */ = {isa = PBXBuildFile; fileRef = 0ADFA4D428BCCBC7008429CF /* PuppiesListDataSource.swift */; };
		0ADFA4FD28BCCBC7008429CF /* CatsListDataSource.swift in Sources */ = {isa = PBXBuildFile; fileRef = 0ADFA4D528BCCBC7008429CF /* CatsListDataSource.swift */; };
		0ADFA4FF28BCCBC7008429CF /* DogsGalleryListDataSource.swift in Sources */ = {isa = PBXBuildFile; fileRef = 0ADFA4D728BCCBC7008429CF /* DogsGalleryListDataSource.swift */; };
		0ADFA50028BCCBC7008429CF /* DogsListDataSource.swift in Sources */ = {isa = PBXBuildFile; fileRef = 0ADFA4D828BCCBC7008429CF /* DogsListDataSource.swift */; };
		0ADFA50128BCCBC7008429CF /* CatsGalleryListDataSource.swift in Sources */ = {isa = PBXBuildFile; fileRef = 0ADFA4D928BCCBC7008429CF /* CatsGalleryListDataSource.swift */; };
		0ADFA50228BCCBC7008429CF /* PostModel.swift in Sources */ = {isa = PBXBuildFile; fileRef = 0ADFA4DC28BCCBC7008429CF /* PostModel.swift */; };
		0ADFA50328BCCBC7008429CF /* ImageTableViewCell.swift in Sources */ = {isa = PBXBuildFile; fileRef = 0ADFA4DE28BCCBC7008429CF /* ImageTableViewCell.swift */; };
		0ADFA50428BCCBC7008429CF /* AsyncImageView.swift in Sources */ = {isa = PBXBuildFile; fileRef = 0ADFA4DF28BCCBC7008429CF /* AsyncImageView.swift */; };
		0ADFA50528BCCBC7008429CF /* AppDelegate.swift in Sources */ = {isa = PBXBuildFile; fileRef = 0ADFA4E128BCCBC7008429CF /* AppDelegate.swift */; };
		0ADFA50628BCCBC7008429CF /* SceneDelegate.swift in Sources */ = {isa = PBXBuildFile; fileRef = 0ADFA4E228BCCBC7008429CF /* SceneDelegate.swift */; };
		0ADFA50728BCCBC7008429CF /* LayoutConstraint.swift in Sources */ = {isa = PBXBuildFile; fileRef = 0ADFA4E428BCCBC7008429CF /* LayoutConstraint.swift */; };
		0ADFA50828BCCBC7008429CF /* CellIdentifier.swift in Sources */ = {isa = PBXBuildFile; fileRef = 0ADFA4E528BCCBC7008429CF /* CellIdentifier.swift */; };
		0ADFA50A28BCCBC7008429CF /* Consts.swift in Sources */ = {isa = PBXBuildFile; fileRef = 0ADFA4E828BCCBC7008429CF /* Consts.swift */; };
		0ADFA50C28BCCBC7008429CF /* DogsViewController.swift in Sources */ = {isa = PBXBuildFile; fileRef = 0ADFA4ED28BCCBC7008429CF /* DogsViewController.swift */; };
		0ADFA50E28BCCBC7008429CF /* DogsCoordinator.swift in Sources */ = {isa = PBXBuildFile; fileRef = 0ADFA4EF28BCCBC7008429CF /* DogsCoordinator.swift */; };
		0ADFA50F28BCCBC7008429CF /* CatsViewController.swift in Sources */ = {isa = PBXBuildFile; fileRef = 0ADFA4F128BCCBC7008429CF /* CatsViewController.swift */; };
		0ADFA51028BCCBC7008429CF /* CatsViewModel.swift in Sources */ = {isa = PBXBuildFile; fileRef = 0ADFA4F228BCCBC7008429CF /* CatsViewModel.swift */; };
		0ADFA51628BCCC48008429CF /* Assets.xcassets in Resources */ = {isa = PBXBuildFile; fileRef = 0ADFA51228BCCC48008429CF /* Assets.xcassets */; };
		0ADFA51728BCCC48008429CF /* LaunchScreen.storyboard in Resources */ = {isa = PBXBuildFile; fileRef = 0ADFA51328BCCC48008429CF /* LaunchScreen.storyboard */; };
		0ADFA51828BCCC48008429CF /* LaunchScreenImage.png in Resources */ = {isa = PBXBuildFile; fileRef = 0ADFA51528BCCC48008429CF /* LaunchScreenImage.png */; };
		0AEA65EC295906B700DD457C /* KittensListDataSource.swift in Sources */ = {isa = PBXBuildFile; fileRef = 0AEA65EB295906B700DD457C /* KittensListDataSource.swift */; };
		283F11CC74AD0039CE87871E /* Pods_DXMVVMCExampleTests.framework in Frameworks */ = {isa = PBXBuildFile; fileRef = 41FD5192B0120ED64483FAB1 /* Pods_DXMVVMCExampleTests.framework */; };
		34E835D5D0D9EB05F0CB8817 /* Pods_DXMVVMCExample.framework in Frameworks */ = {isa = PBXBuildFile; fileRef = 8BD5B0CD20E63BA5D5D83E46 /* Pods_DXMVVMCExample.framework */; };
		8608F3F7EA144FEEBDC04583 /* Pods_DXMVVMCExample_DXMVVMCExampleUITests.framework in Frameworks */ = {isa = PBXBuildFile; fileRef = 972739985A07D1E424E6CC5E /* Pods_DXMVVMCExample_DXMVVMCExampleUITests.framework */; };
/* End PBXBuildFile section */

/* Begin PBXContainerItemProxy section */
		0ADFA4A928BCCB7A008429CF /* PBXContainerItemProxy */ = {
			isa = PBXContainerItemProxy;
			containerPortal = 0ADFA48A28BCCB78008429CF /* Project object */;
			proxyType = 1;
			remoteGlobalIDString = 0ADFA49128BCCB78008429CF;
			remoteInfo = DXMVVMCExample;
		};
		0ADFA4B328BCCB7A008429CF /* PBXContainerItemProxy */ = {
			isa = PBXContainerItemProxy;
			containerPortal = 0ADFA48A28BCCB78008429CF /* Project object */;
			proxyType = 1;
			remoteGlobalIDString = 0ADFA49128BCCB78008429CF;
			remoteInfo = DXMVVMCExample;
		};
/* End PBXContainerItemProxy section */

/* Begin PBXFileReference section */
		0A4CF18B2947118E003B85DB /* Coordinator.swift */ = {isa = PBXFileReference; lastKnownFileType = sourcecode.swift; path = Coordinator.swift; sourceTree = "<group>"; };
		0A4CF18F2947320D003B85DB /* CatsCoordinator.swift */ = {isa = PBXFileReference; lastKnownFileType = sourcecode.swift; path = CatsCoordinator.swift; sourceTree = "<group>"; };
		0A7C9552294764020045EBAA /* AppTabBarController.swift */ = {isa = PBXFileReference; lastKnownFileType = sourcecode.swift; path = AppTabBarController.swift; sourceTree = "<group>"; };
		0ACDC001294F6E300020226F /* AutoGeneratedMocks.swift */ = {isa = PBXFileReference; fileEncoding = 4; lastKnownFileType = sourcecode.swift; path = AutoGeneratedMocks.swift; sourceTree = "<group>"; };
		0ACDC003294F708D0020226F /* Factory.swift */ = {isa = PBXFileReference; lastKnownFileType = sourcecode.swift; path = Factory.swift; sourceTree = "<group>"; };
		0ACDC005294F70E10020226F /* InjectionContainer.swift */ = {isa = PBXFileReference; lastKnownFileType = sourcecode.swift; path = InjectionContainer.swift; sourceTree = "<group>"; };
		0AD220CE28E32C0400676E6D /* SnapshotHelper.swift */ = {isa = PBXFileReference; fileEncoding = 4; lastKnownFileType = sourcecode.swift; name = SnapshotHelper.swift; path = fastlane/SnapshotHelper.swift; sourceTree = SOURCE_ROOT; };
		0AD75F4B295990A30038C77E /* CatsPost.swift */ = {isa = PBXFileReference; lastKnownFileType = sourcecode.swift; path = CatsPost.swift; sourceTree = "<group>"; };
		0AD75F4D2959918B0038C77E /* CatsRemoteDataSource.swift */ = {isa = PBXFileReference; lastKnownFileType = sourcecode.swift; path = CatsRemoteDataSource.swift; sourceTree = "<group>"; };
		0AD75F4F2959930E0038C77E /* CatsRepositroyImpl.swift */ = {isa = PBXFileReference; lastKnownFileType = sourcecode.swift; path = CatsRepositroyImpl.swift; sourceTree = "<group>"; };
		0AD75F5129599FEF0038C77E /* CatsRepositroy.swift */ = {isa = PBXFileReference; lastKnownFileType = sourcecode.swift; path = CatsRepositroy.swift; sourceTree = "<group>"; };
		0AD75F532959A0930038C77E /* CatsUseCase.swift */ = {isa = PBXFileReference; lastKnownFileType = sourcecode.swift; path = CatsUseCase.swift; sourceTree = "<group>"; };
		0AD75F582959A84E0038C77E /* KittensRemoteDataSource.swift */ = {isa = PBXFileReference; lastKnownFileType = sourcecode.swift; path = KittensRemoteDataSource.swift; sourceTree = "<group>"; };
		0AD75F5A2959A8AD0038C77E /* KittensRepositroyImpl.swift */ = {isa = PBXFileReference; fileEncoding = 4; lastKnownFileType = sourcecode.swift; path = KittensRepositroyImpl.swift; sourceTree = "<group>"; };
		0AD75F5C2959A92C0038C77E /* KittensRepositroy.swift */ = {isa = PBXFileReference; lastKnownFileType = sourcecode.swift; path = KittensRepositroy.swift; sourceTree = "<group>"; };
		0AD75F5E2959A9C00038C77E /* KittensUseCase.swift */ = {isa = PBXFileReference; lastKnownFileType = sourcecode.swift; path = KittensUseCase.swift; sourceTree = "<group>"; };
		0AD75F642959AAD50038C77E /* PuppiesRemoteDataSource.swift */ = {isa = PBXFileReference; fileEncoding = 4; lastKnownFileType = sourcecode.swift; path = PuppiesRemoteDataSource.swift; sourceTree = "<group>"; };
		0AD75F652959AAD50038C77E /* DogsRemoteDataSource.swift */ = {isa = PBXFileReference; fileEncoding = 4; lastKnownFileType = sourcecode.swift; path = DogsRemoteDataSource.swift; sourceTree = "<group>"; };
		0AD75F682959AAD50038C77E /* DogsRepositroyImpl.swift */ = {isa = PBXFileReference; fileEncoding = 4; lastKnownFileType = sourcecode.swift; path = DogsRepositroyImpl.swift; sourceTree = "<group>"; };
		0AD75F692959AAD50038C77E /* PuppiesRepositroyImpl.swift */ = {isa = PBXFileReference; fileEncoding = 4; lastKnownFileType = sourcecode.swift; path = PuppiesRepositroyImpl.swift; sourceTree = "<group>"; };
		0AD75F6C2959AAD50038C77E /* PuppiesRepositroy.swift */ = {isa = PBXFileReference; fileEncoding = 4; lastKnownFileType = sourcecode.swift; path = PuppiesRepositroy.swift; sourceTree = "<group>"; };
		0AD75F6D2959AAD50038C77E /* DogsRepositroy.swift */ = {isa = PBXFileReference; fileEncoding = 4; lastKnownFileType = sourcecode.swift; path = DogsRepositroy.swift; sourceTree = "<group>"; };
		0AD75F6F2959AAD50038C77E /* PuppiesUseCase.swift */ = {isa = PBXFileReference; fileEncoding = 4; lastKnownFileType = sourcecode.swift; path = PuppiesUseCase.swift; sourceTree = "<group>"; };
		0AD75F702959AAD50038C77E /* DogsUseCase.swift */ = {isa = PBXFileReference; fileEncoding = 4; lastKnownFileType = sourcecode.swift; path = DogsUseCase.swift; sourceTree = "<group>"; };
		0AD75F722959AAD50038C77E /* DogsPost.swift */ = {isa = PBXFileReference; fileEncoding = 4; lastKnownFileType = sourcecode.swift; path = DogsPost.swift; sourceTree = "<group>"; };
		0AD75F772959AAD50038C77E /* DogsViewModel.swift */ = {isa = PBXFileReference; fileEncoding = 4; lastKnownFileType = sourcecode.swift; path = DogsViewModel.swift; sourceTree = "<group>"; };
		0AD75F8D2959BA510038C77E /* CustomNavigationController.swift */ = {isa = PBXFileReference; lastKnownFileType = sourcecode.swift; path = CustomNavigationController.swift; sourceTree = "<group>"; };
		0ADFA49228BCCB78008429CF /* DXMVVMCExample.app */ = {isa = PBXFileReference; explicitFileType = wrapper.application; includeInIndex = 0; path = DXMVVMCExample.app; sourceTree = BUILT_PRODUCTS_DIR; };
		0ADFA4A328BCCB7A008429CF /* Info.plist */ = {isa = PBXFileReference; lastKnownFileType = text.plist.xml; path = Info.plist; sourceTree = "<group>"; };
		0ADFA4A828BCCB7A008429CF /* DXMVVMCExampleTests.xctest */ = {isa = PBXFileReference; explicitFileType = wrapper.cfbundle; includeInIndex = 0; path = DXMVVMCExampleTests.xctest; sourceTree = BUILT_PRODUCTS_DIR; };
		0ADFA4B228BCCB7A008429CF /* DXMVVMCExampleUITests.xctest */ = {isa = PBXFileReference; explicitFileType = wrapper.cfbundle; includeInIndex = 0; path = DXMVVMCExampleUITests.xctest; sourceTree = BUILT_PRODUCTS_DIR; };
		0ADFA4B628BCCB7A008429CF /* DXMVVMCExampleUITests.swift */ = {isa = PBXFileReference; lastKnownFileType = sourcecode.swift; path = DXMVVMCExampleUITests.swift; sourceTree = "<group>"; };
		0ADFA4B828BCCB7A008429CF /* DXMVVMCExampleUITestsLaunchTests.swift */ = {isa = PBXFileReference; lastKnownFileType = sourcecode.swift; path = DXMVVMCExampleUITestsLaunchTests.swift; sourceTree = "<group>"; };
		0ADFA4C828BCCBC7008429CF /* ImageLoader.swift */ = {isa = PBXFileReference; fileEncoding = 4; lastKnownFileType = sourcecode.swift; path = ImageLoader.swift; sourceTree = "<group>"; };
		0ADFA4C928BCCBC7008429CF /* GalleryEndpoint.swift */ = {isa = PBXFileReference; fileEncoding = 4; lastKnownFileType = sourcecode.swift; path = GalleryEndpoint.swift; sourceTree = "<group>"; };
		0ADFA4CA28BCCBC7008429CF /* NetworkEngine.swift */ = {isa = PBXFileReference; fileEncoding = 4; lastKnownFileType = sourcecode.swift; path = NetworkEngine.swift; sourceTree = "<group>"; };
		0ADFA4D428BCCBC7008429CF /* PuppiesListDataSource.swift */ = {isa = PBXFileReference; fileEncoding = 4; lastKnownFileType = sourcecode.swift; path = PuppiesListDataSource.swift; sourceTree = "<group>"; };
		0ADFA4D528BCCBC7008429CF /* CatsListDataSource.swift */ = {isa = PBXFileReference; fileEncoding = 4; lastKnownFileType = sourcecode.swift; path = CatsListDataSource.swift; sourceTree = "<group>"; };
		0ADFA4D728BCCBC7008429CF /* DogsGalleryListDataSource.swift */ = {isa = PBXFileReference; fileEncoding = 4; lastKnownFileType = sourcecode.swift; path = DogsGalleryListDataSource.swift; sourceTree = "<group>"; };
		0ADFA4D828BCCBC7008429CF /* DogsListDataSource.swift */ = {isa = PBXFileReference; fileEncoding = 4; lastKnownFileType = sourcecode.swift; path = DogsListDataSource.swift; sourceTree = "<group>"; };
		0ADFA4D928BCCBC7008429CF /* CatsGalleryListDataSource.swift */ = {isa = PBXFileReference; fileEncoding = 4; lastKnownFileType = sourcecode.swift; path = CatsGalleryListDataSource.swift; sourceTree = "<group>"; };
		0ADFA4DC28BCCBC7008429CF /* PostModel.swift */ = {isa = PBXFileReference; fileEncoding = 4; lastKnownFileType = sourcecode.swift; path = PostModel.swift; sourceTree = "<group>"; };
		0ADFA4DE28BCCBC7008429CF /* ImageTableViewCell.swift */ = {isa = PBXFileReference; fileEncoding = 4; lastKnownFileType = sourcecode.swift; path = ImageTableViewCell.swift; sourceTree = "<group>"; };
		0ADFA4DF28BCCBC7008429CF /* AsyncImageView.swift */ = {isa = PBXFileReference; fileEncoding = 4; lastKnownFileType = sourcecode.swift; path = AsyncImageView.swift; sourceTree = "<group>"; };
		0ADFA4E128BCCBC7008429CF /* AppDelegate.swift */ = {isa = PBXFileReference; fileEncoding = 4; lastKnownFileType = sourcecode.swift; path = AppDelegate.swift; sourceTree = "<group>"; };
		0ADFA4E228BCCBC7008429CF /* SceneDelegate.swift */ = {isa = PBXFileReference; fileEncoding = 4; lastKnownFileType = sourcecode.swift; path = SceneDelegate.swift; sourceTree = "<group>"; };
		0ADFA4E428BCCBC7008429CF /* LayoutConstraint.swift */ = {isa = PBXFileReference; fileEncoding = 4; lastKnownFileType = sourcecode.swift; path = LayoutConstraint.swift; sourceTree = "<group>"; };
		0ADFA4E528BCCBC7008429CF /* CellIdentifier.swift */ = {isa = PBXFileReference; fileEncoding = 4; lastKnownFileType = sourcecode.swift; path = CellIdentifier.swift; sourceTree = "<group>"; };
		0ADFA4E828BCCBC7008429CF /* Consts.swift */ = {isa = PBXFileReference; fileEncoding = 4; lastKnownFileType = sourcecode.swift; path = Consts.swift; sourceTree = "<group>"; };
		0ADFA4ED28BCCBC7008429CF /* DogsViewController.swift */ = {isa = PBXFileReference; fileEncoding = 4; lastKnownFileType = sourcecode.swift; path = DogsViewController.swift; sourceTree = "<group>"; };
		0ADFA4EF28BCCBC7008429CF /* DogsCoordinator.swift */ = {isa = PBXFileReference; fileEncoding = 4; lastKnownFileType = sourcecode.swift; path = DogsCoordinator.swift; sourceTree = "<group>"; };
		0ADFA4F128BCCBC7008429CF /* CatsViewController.swift */ = {isa = PBXFileReference; fileEncoding = 4; lastKnownFileType = sourcecode.swift; path = CatsViewController.swift; sourceTree = "<group>"; };
		0ADFA4F228BCCBC7008429CF /* CatsViewModel.swift */ = {isa = PBXFileReference; fileEncoding = 4; lastKnownFileType = sourcecode.swift; path = CatsViewModel.swift; sourceTree = "<group>"; };
		0ADFA51228BCCC48008429CF /* Assets.xcassets */ = {isa = PBXFileReference; lastKnownFileType = folder.assetcatalog; path = Assets.xcassets; sourceTree = "<group>"; };
		0ADFA51428BCCC48008429CF /* Base */ = {isa = PBXFileReference; lastKnownFileType = file.storyboard; name = Base; path = Base.lproj/LaunchScreen.storyboard; sourceTree = "<group>"; };
		0ADFA51528BCCC48008429CF /* LaunchScreenImage.png */ = {isa = PBXFileReference; lastKnownFileType = image.png; path = LaunchScreenImage.png; sourceTree = "<group>"; };
		0AEA65EB295906B700DD457C /* KittensListDataSource.swift */ = {isa = PBXFileReference; fileEncoding = 4; lastKnownFileType = sourcecode.swift; path = KittensListDataSource.swift; sourceTree = "<group>"; };
		252D6949CF69B4B03E8FE9D1 /* Pods-DXMVVMCExample-DXMVVMCExampleUITests.debug.xcconfig */ = {isa = PBXFileReference; includeInIndex = 1; lastKnownFileType = text.xcconfig; name = "Pods-DXMVVMCExample-DXMVVMCExampleUITests.debug.xcconfig"; path = "Target Support Files/Pods-DXMVVMCExample-DXMVVMCExampleUITests/Pods-DXMVVMCExample-DXMVVMCExampleUITests.debug.xcconfig"; sourceTree = "<group>"; };
		41FD5192B0120ED64483FAB1 /* Pods_DXMVVMCExampleTests.framework */ = {isa = PBXFileReference; explicitFileType = wrapper.framework; includeInIndex = 0; path = Pods_DXMVVMCExampleTests.framework; sourceTree = BUILT_PRODUCTS_DIR; };
		650738CA9428DAC2A119ABF0 /* Pods-DXMVVMCExampleTests.release.xcconfig */ = {isa = PBXFileReference; includeInIndex = 1; lastKnownFileType = text.xcconfig; name = "Pods-DXMVVMCExampleTests.release.xcconfig"; path = "Target Support Files/Pods-DXMVVMCExampleTests/Pods-DXMVVMCExampleTests.release.xcconfig"; sourceTree = "<group>"; };
		8BD5B0CD20E63BA5D5D83E46 /* Pods_DXMVVMCExample.framework */ = {isa = PBXFileReference; explicitFileType = wrapper.framework; includeInIndex = 0; path = Pods_DXMVVMCExample.framework; sourceTree = BUILT_PRODUCTS_DIR; };
		972739985A07D1E424E6CC5E /* Pods_DXMVVMCExample_DXMVVMCExampleUITests.framework */ = {isa = PBXFileReference; explicitFileType = wrapper.framework; includeInIndex = 0; path = Pods_DXMVVMCExample_DXMVVMCExampleUITests.framework; sourceTree = BUILT_PRODUCTS_DIR; };
		A23A4F7FD4982C893E69F78D /* Pods-DXMVVMCExample.debug.xcconfig */ = {isa = PBXFileReference; includeInIndex = 1; lastKnownFileType = text.xcconfig; name = "Pods-DXMVVMCExample.debug.xcconfig"; path = "Target Support Files/Pods-DXMVVMCExample/Pods-DXMVVMCExample.debug.xcconfig"; sourceTree = "<group>"; };
		A49E059DA3F665B6D6C2EFC6 /* Pods-DXMVVMCExampleTests.debug.xcconfig */ = {isa = PBXFileReference; includeInIndex = 1; lastKnownFileType = text.xcconfig; name = "Pods-DXMVVMCExampleTests.debug.xcconfig"; path = "Target Support Files/Pods-DXMVVMCExampleTests/Pods-DXMVVMCExampleTests.debug.xcconfig"; sourceTree = "<group>"; };
		ECC42B529B10B38364B8CB37 /* Pods-DXMVVMCExample-DXMVVMCExampleUITests.release.xcconfig */ = {isa = PBXFileReference; includeInIndex = 1; lastKnownFileType = text.xcconfig; name = "Pods-DXMVVMCExample-DXMVVMCExampleUITests.release.xcconfig"; path = "Target Support Files/Pods-DXMVVMCExample-DXMVVMCExampleUITests/Pods-DXMVVMCExample-DXMVVMCExampleUITests.release.xcconfig"; sourceTree = "<group>"; };
		F0DF94CB94DD04A9A66B8B20 /* Pods-DXMVVMCExample.release.xcconfig */ = {isa = PBXFileReference; includeInIndex = 1; lastKnownFileType = text.xcconfig; name = "Pods-DXMVVMCExample.release.xcconfig"; path = "Target Support Files/Pods-DXMVVMCExample/Pods-DXMVVMCExample.release.xcconfig"; sourceTree = "<group>"; };
/* End PBXFileReference section */

/* Begin PBXFrameworksBuildPhase section */
		0ADFA48F28BCCB78008429CF /* Frameworks */ = {
			isa = PBXFrameworksBuildPhase;
			buildActionMask = 2147483647;
			files = (
				34E835D5D0D9EB05F0CB8817 /* Pods_DXMVVMCExample.framework in Frameworks */,
			);
			runOnlyForDeploymentPostprocessing = 0;
		};
		0ADFA4A528BCCB7A008429CF /* Frameworks */ = {
			isa = PBXFrameworksBuildPhase;
			buildActionMask = 2147483647;
			files = (
				283F11CC74AD0039CE87871E /* Pods_DXMVVMCExampleTests.framework in Frameworks */,
			);
			runOnlyForDeploymentPostprocessing = 0;
		};
		0ADFA4AF28BCCB7A008429CF /* Frameworks */ = {
			isa = PBXFrameworksBuildPhase;
			buildActionMask = 2147483647;
			files = (
				8608F3F7EA144FEEBDC04583 /* Pods_DXMVVMCExample_DXMVVMCExampleUITests.framework in Frameworks */,
			);
			runOnlyForDeploymentPostprocessing = 0;
		};
/* End PBXFrameworksBuildPhase section */

/* Begin PBXGroup section */
		0A65065629531822005AF047 /* TableViewDataSources */ = {
			isa = PBXGroup;
			children = (
				0ADFA4D428BCCBC7008429CF /* PuppiesListDataSource.swift */,
				0ADFA4D728BCCBC7008429CF /* DogsGalleryListDataSource.swift */,
				0ADFA4D828BCCBC7008429CF /* DogsListDataSource.swift */,
			);
			path = TableViewDataSources;
			sourceTree = "<group>";
		};
		0A6506572953183F005AF047 /* TableViewDataSources */ = {
			isa = PBXGroup;
			children = (
				0AEA65EB295906B700DD457C /* KittensListDataSource.swift */,
				0ADFA4D928BCCBC7008429CF /* CatsGalleryListDataSource.swift */,
				0ADFA4D528BCCBC7008429CF /* CatsListDataSource.swift */,
			);
			path = TableViewDataSources;
			sourceTree = "<group>";
		};
		0A65065A29531AC0005AF047 /* Endpoints */ = {
			isa = PBXGroup;
			children = (
				0ADFA4C928BCCBC7008429CF /* GalleryEndpoint.swift */,
			);
			path = Endpoints;
			sourceTree = "<group>";
		};
		0AD75F3E29598E4C0038C77E /* Data */ = {
			isa = PBXGroup;
			children = (
				0AD75F3F29598E9C0038C77E /* DataSource */,
				0AD75F4129598EC60038C77E /* Models */,
				0AD75F4229598ED90038C77E /* Repositoies */,
			);
			path = Data;
			sourceTree = "<group>";
		};
		0AD75F3F29598E9C0038C77E /* DataSource */ = {
			isa = PBXGroup;
			children = (
				0AD75F4029598EB10038C77E /* Remote */,
			);
			path = DataSource;
			sourceTree = "<group>";
		};
		0AD75F4029598EB10038C77E /* Remote */ = {
			isa = PBXGroup;
			children = (
				0AD75F4D2959918B0038C77E /* CatsRemoteDataSource.swift */,
				0AD75F582959A84E0038C77E /* KittensRemoteDataSource.swift */,
			);
			path = Remote;
			sourceTree = "<group>";
		};
		0AD75F4129598EC60038C77E /* Models */ = {
			isa = PBXGroup;
			children = (
			);
			path = Models;
			sourceTree = "<group>";
		};
		0AD75F4229598ED90038C77E /* Repositoies */ = {
			isa = PBXGroup;
			children = (
				0AD75F4F2959930E0038C77E /* CatsRepositroyImpl.swift */,
				0AD75F5A2959A8AD0038C77E /* KittensRepositroyImpl.swift */,
			);
			path = Repositoies;
			sourceTree = "<group>";
		};
		0AD75F4329598EF60038C77E /* Domain */ = {
			isa = PBXGroup;
			children = (
				0AD75F4429598F150038C77E /* Entities */,
				0AD75F4529598F2A0038C77E /* Repositoies */,
				0AD75F4629598F5E0038C77E /* Usecases */,
			);
			path = Domain;
			sourceTree = "<group>";
		};
		0AD75F4429598F150038C77E /* Entities */ = {
			isa = PBXGroup;
			children = (
				0AD75F4B295990A30038C77E /* CatsPost.swift */,
			);
			path = Entities;
			sourceTree = "<group>";
		};
		0AD75F4529598F2A0038C77E /* Repositoies */ = {
			isa = PBXGroup;
			children = (
				0AD75F5129599FEF0038C77E /* CatsRepositroy.swift */,
				0AD75F5C2959A92C0038C77E /* KittensRepositroy.swift */,
			);
			path = Repositoies;
			sourceTree = "<group>";
		};
		0AD75F4629598F5E0038C77E /* Usecases */ = {
			isa = PBXGroup;
			children = (
				0AD75F532959A0930038C77E /* CatsUseCase.swift */,
				0AD75F5E2959A9C00038C77E /* KittensUseCase.swift */,
			);
			path = Usecases;
			sourceTree = "<group>";
		};
		0AD75F4729598F740038C77E /* Presentation */ = {
			isa = PBXGroup;
			children = (
				0AD75F4A29598FF60038C77E /* Coordinator */,
				0AD75F4829598F830038C77E /* Logic */,
				0AD75F4929598F940038C77E /* View */,
			);
			path = Presentation;
			sourceTree = "<group>";
		};
		0AD75F4829598F830038C77E /* Logic */ = {
			isa = PBXGroup;
			children = (
				0ADFA4F228BCCBC7008429CF /* CatsViewModel.swift */,
			);
			path = Logic;
			sourceTree = "<group>";
		};
		0AD75F4929598F940038C77E /* View */ = {
			isa = PBXGroup;
			children = (
				0A6506572953183F005AF047 /* TableViewDataSources */,
				0ADFA4F128BCCBC7008429CF /* CatsViewController.swift */,
			);
			path = View;
			sourceTree = "<group>";
		};
		0AD75F4A29598FF60038C77E /* Coordinator */ = {
			isa = PBXGroup;
			children = (
				0A4CF18F2947320D003B85DB /* CatsCoordinator.swift */,
			);
			path = Coordinator;
			sourceTree = "<group>";
		};
		0AD75F612959AAD50038C77E /* Data */ = {
			isa = PBXGroup;
			children = (
				0AD75F622959AAD50038C77E /* DataSource */,
				0AD75F662959AAD50038C77E /* Models */,
				0AD75F672959AAD50038C77E /* Repositoies */,
			);
			path = Data;
			sourceTree = "<group>";
		};
		0AD75F622959AAD50038C77E /* DataSource */ = {
			isa = PBXGroup;
			children = (
				0AD75F632959AAD50038C77E /* Remote */,
			);
			path = DataSource;
			sourceTree = "<group>";
		};
		0AD75F632959AAD50038C77E /* Remote */ = {
			isa = PBXGroup;
			children = (
				0AD75F652959AAD50038C77E /* DogsRemoteDataSource.swift */,
				0AD75F642959AAD50038C77E /* PuppiesRemoteDataSource.swift */,
			);
			path = Remote;
			sourceTree = "<group>";
		};
		0AD75F662959AAD50038C77E /* Models */ = {
			isa = PBXGroup;
			children = (
			);
			path = Models;
			sourceTree = "<group>";
		};
		0AD75F672959AAD50038C77E /* Repositoies */ = {
			isa = PBXGroup;
			children = (
				0AD75F682959AAD50038C77E /* DogsRepositroyImpl.swift */,
				0AD75F692959AAD50038C77E /* PuppiesRepositroyImpl.swift */,
			);
			path = Repositoies;
			sourceTree = "<group>";
		};
		0AD75F6A2959AAD50038C77E /* Domain */ = {
			isa = PBXGroup;
			children = (
				0AD75F712959AAD50038C77E /* Entities */,
				0AD75F6B2959AAD50038C77E /* Repositoies */,
				0AD75F6E2959AAD50038C77E /* Usecases */,
			);
			path = Domain;
			sourceTree = "<group>";
		};
		0AD75F6B2959AAD50038C77E /* Repositoies */ = {
			isa = PBXGroup;
			children = (
				0AD75F6D2959AAD50038C77E /* DogsRepositroy.swift */,
				0AD75F6C2959AAD50038C77E /* PuppiesRepositroy.swift */,
			);
			path = Repositoies;
			sourceTree = "<group>";
		};
		0AD75F6E2959AAD50038C77E /* Usecases */ = {
			isa = PBXGroup;
			children = (
				0AD75F702959AAD50038C77E /* DogsUseCase.swift */,
				0AD75F6F2959AAD50038C77E /* PuppiesUseCase.swift */,
			);
			path = Usecases;
			sourceTree = "<group>";
		};
		0AD75F712959AAD50038C77E /* Entities */ = {
			isa = PBXGroup;
			children = (
				0AD75F722959AAD50038C77E /* DogsPost.swift */,
			);
			path = Entities;
			sourceTree = "<group>";
		};
		0AD75F732959AAD50038C77E /* Presentation */ = {
			isa = PBXGroup;
			children = (
				0AD75F742959AAD50038C77E /* Coordinator */,
				0AD75F762959AAD50038C77E /* Logic */,
				0AD75F782959AAD50038C77E /* View */,
			);
			path = Presentation;
			sourceTree = "<group>";
		};
		0AD75F742959AAD50038C77E /* Coordinator */ = {
			isa = PBXGroup;
			children = (
				0ADFA4EF28BCCBC7008429CF /* DogsCoordinator.swift */,
			);
			path = Coordinator;
			sourceTree = "<group>";
		};
		0AD75F762959AAD50038C77E /* Logic */ = {
			isa = PBXGroup;
			children = (
				0AD75F772959AAD50038C77E /* DogsViewModel.swift */,
			);
			path = Logic;
			sourceTree = "<group>";
		};
		0AD75F782959AAD50038C77E /* View */ = {
			isa = PBXGroup;
			children = (
				0A65065629531822005AF047 /* TableViewDataSources */,
				0ADFA4ED28BCCBC7008429CF /* DogsViewController.swift */,
			);
			path = View;
			sourceTree = "<group>";
		};
		0ADFA48928BCCB78008429CF = {
			isa = PBXGroup;
			children = (
				0ADFA49428BCCB78008429CF /* DXMVVMCExample */,
				0ADFA4AB28BCCB7A008429CF /* DXMVVMCExampleTests */,
				0ADFA4B528BCCB7A008429CF /* DXMVVMCExampleUITests */,
				0ADFA49328BCCB78008429CF /* Products */,
				E293026B828C89B21DBD1626 /* Pods */,
				3FC32257CC64881074581B53 /* Frameworks */,
			);
			sourceTree = "<group>";
		};
		0ADFA49328BCCB78008429CF /* Products */ = {
			isa = PBXGroup;
			children = (
				0ADFA49228BCCB78008429CF /* DXMVVMCExample.app */,
				0ADFA4A828BCCB7A008429CF /* DXMVVMCExampleTests.xctest */,
				0ADFA4B228BCCB7A008429CF /* DXMVVMCExampleUITests.xctest */,
			);
			name = Products;
			sourceTree = "<group>";
		};
		0ADFA49428BCCB78008429CF /* DXMVVMCExample */ = {
			isa = PBXGroup;
			children = (
				0ADFA4C528BCCBC7008429CF /* Source */,
				0ADFA51128BCCC48008429CF /* Ressources */,
			);
			path = DXMVVMCExample;
			sourceTree = "<group>";
		};
		0ADFA4AB28BCCB7A008429CF /* DXMVVMCExampleTests */ = {
			isa = PBXGroup;
			children = (
				0ACDC001294F6E300020226F /* AutoGeneratedMocks.swift */,
			);
			path = DXMVVMCExampleTests;
			sourceTree = "<group>";
		};
		0ADFA4B528BCCB7A008429CF /* DXMVVMCExampleUITests */ = {
			isa = PBXGroup;
			children = (
				0AD220CE28E32C0400676E6D /* SnapshotHelper.swift */,
				0ADFA4B628BCCB7A008429CF /* DXMVVMCExampleUITests.swift */,
				0ADFA4B828BCCB7A008429CF /* DXMVVMCExampleUITestsLaunchTests.swift */,
			);
			path = DXMVVMCExampleUITests;
			sourceTree = "<group>";
		};
		0ADFA4C528BCCBC7008429CF /* Source */ = {
			isa = PBXGroup;
			children = (
				0ADFA4C628BCCBC7008429CF /* Core */,
				0ADFA4EB28BCCBC7008429CF /* Features */,
			);
			path = Source;
			sourceTree = "<group>";
		};
		0ADFA4C628BCCBC7008429CF /* Core */ = {
			isa = PBXGroup;
			children = (
				0ADFA4E028BCCBC7008429CF /* AppDelegates */,
				0ADFA4CC28BCCBC7008429CF /* AppCoordinator */,
				0ADFA4E928BCCBC7008429CF /* InjectionContainer */,
				0ADFA4E328BCCBC7008429CF /* Utils */,
				0ADFA4D228BCCBC7008429CF /* Commen */,
				0ADFA4E728BCCBC7008429CF /* Consts */,
			);
			path = Core;
			sourceTree = "<group>";
		};
		0ADFA4CC28BCCBC7008429CF /* AppCoordinator */ = {
			isa = PBXGroup;
			children = (
				0A4CF18B2947118E003B85DB /* Coordinator.swift */,
				0A7C9552294764020045EBAA /* AppTabBarController.swift */,
			);
			path = AppCoordinator;
			sourceTree = "<group>";
		};
		0ADFA4D228BCCBC7008429CF /* Commen */ = {
			isa = PBXGroup;
			children = (
				0A65065A29531AC0005AF047 /* Endpoints */,
				0ADFA4DB28BCCBC7008429CF /* Models */,
				0ADFA4DD28BCCBC7008429CF /* Views */,
			);
			path = Commen;
			sourceTree = "<group>";
		};
		0ADFA4DB28BCCBC7008429CF /* Models */ = {
			isa = PBXGroup;
			children = (
				0ADFA4DC28BCCBC7008429CF /* PostModel.swift */,
			);
			path = Models;
			sourceTree = "<group>";
		};
		0ADFA4DD28BCCBC7008429CF /* Views */ = {
			isa = PBXGroup;
			children = (
				0ADFA4DE28BCCBC7008429CF /* ImageTableViewCell.swift */,
				0ADFA4DF28BCCBC7008429CF /* AsyncImageView.swift */,
				0AD75F8D2959BA510038C77E /* CustomNavigationController.swift */,
			);
			path = Views;
			sourceTree = "<group>";
		};
		0ADFA4E028BCCBC7008429CF /* AppDelegates */ = {
			isa = PBXGroup;
			children = (
				0ADFA4E128BCCBC7008429CF /* AppDelegate.swift */,
				0ADFA4E228BCCBC7008429CF /* SceneDelegate.swift */,
			);
			path = AppDelegates;
			sourceTree = "<group>";
		};
		0ADFA4E328BCCBC7008429CF /* Utils */ = {
			isa = PBXGroup;
			children = (
				0ACDC003294F708D0020226F /* Factory.swift */,
				0ADFA4CA28BCCBC7008429CF /* NetworkEngine.swift */,
				0ADFA4C828BCCBC7008429CF /* ImageLoader.swift */,
				0ADFA4E428BCCBC7008429CF /* LayoutConstraint.swift */,
				0ADFA4E528BCCBC7008429CF /* CellIdentifier.swift */,
			);
			path = Utils;
			sourceTree = "<group>";
		};
		0ADFA4E728BCCBC7008429CF /* Consts */ = {
			isa = PBXGroup;
			children = (
				0ADFA4E828BCCBC7008429CF /* Consts.swift */,
			);
			path = Consts;
			sourceTree = "<group>";
		};
		0ADFA4E928BCCBC7008429CF /* InjectionContainer */ = {
			isa = PBXGroup;
			children = (
				0ACDC005294F70E10020226F /* InjectionContainer.swift */,
			);
			path = InjectionContainer;
			sourceTree = "<group>";
		};
		0ADFA4EB28BCCBC7008429CF /* Features */ = {
			isa = PBXGroup;
			children = (
				0ADFA4F028BCCBC7008429CF /* Cats */,
				0ADFA4EC28BCCBC7008429CF /* Dogs */,
			);
			path = Features;
			sourceTree = "<group>";
		};
		0ADFA4EC28BCCBC7008429CF /* Dogs */ = {
			isa = PBXGroup;
			children = (
				0AD75F612959AAD50038C77E /* Data */,
				0AD75F6A2959AAD50038C77E /* Domain */,
				0AD75F732959AAD50038C77E /* Presentation */,
			);
			path = Dogs;
			sourceTree = "<group>";
		};
		0ADFA4F028BCCBC7008429CF /* Cats */ = {
			isa = PBXGroup;
			children = (
				0AD75F3E29598E4C0038C77E /* Data */,
				0AD75F4329598EF60038C77E /* Domain */,
				0AD75F4729598F740038C77E /* Presentation */,
			);
			path = Cats;
			sourceTree = "<group>";
		};
		0ADFA51128BCCC48008429CF /* Ressources */ = {
			isa = PBXGroup;
			children = (
				0ADFA4A328BCCB7A008429CF /* Info.plist */,
				0ADFA51228BCCC48008429CF /* Assets.xcassets */,
				0ADFA51328BCCC48008429CF /* LaunchScreen.storyboard */,
				0ADFA51528BCCC48008429CF /* LaunchScreenImage.png */,
			);
			path = Ressources;
			sourceTree = "<group>";
		};
		3FC32257CC64881074581B53 /* Frameworks */ = {
			isa = PBXGroup;
			children = (
				8BD5B0CD20E63BA5D5D83E46 /* Pods_DXMVVMCExample.framework */,
				972739985A07D1E424E6CC5E /* Pods_DXMVVMCExample_DXMVVMCExampleUITests.framework */,
				41FD5192B0120ED64483FAB1 /* Pods_DXMVVMCExampleTests.framework */,
			);
			name = Frameworks;
			sourceTree = "<group>";
		};
		E293026B828C89B21DBD1626 /* Pods */ = {
			isa = PBXGroup;
			children = (
				A23A4F7FD4982C893E69F78D /* Pods-DXMVVMCExample.debug.xcconfig */,
				F0DF94CB94DD04A9A66B8B20 /* Pods-DXMVVMCExample.release.xcconfig */,
				252D6949CF69B4B03E8FE9D1 /* Pods-DXMVVMCExample-DXMVVMCExampleUITests.debug.xcconfig */,
				ECC42B529B10B38364B8CB37 /* Pods-DXMVVMCExample-DXMVVMCExampleUITests.release.xcconfig */,
				A49E059DA3F665B6D6C2EFC6 /* Pods-DXMVVMCExampleTests.debug.xcconfig */,
				650738CA9428DAC2A119ABF0 /* Pods-DXMVVMCExampleTests.release.xcconfig */,
			);
			path = Pods;
			sourceTree = "<group>";
		};
/* End PBXGroup section */

/* Begin PBXNativeTarget section */
		0ADFA49128BCCB78008429CF /* DXMVVMCExample */ = {
			isa = PBXNativeTarget;
			buildConfigurationList = 0ADFA4BC28BCCB7A008429CF /* Build configuration list for PBXNativeTarget "DXMVVMCExample" */;
			buildPhases = (
				380FABF72C563AB687F72E91 /* [CP] Check Pods Manifest.lock */,
				0ADFA48E28BCCB78008429CF /* Sources */,
				0ADFA48F28BCCB78008429CF /* Frameworks */,
				0ADFA49028BCCB78008429CF /* Resources */,
				14D6DA0B8C5AF81C6BF2F84B /* [CP] Embed Pods Frameworks */,
			);
			buildRules = (
			);
			dependencies = (
			);
			name = DXMVVMCExample;
			productName = DXMVVMCExample;
			productReference = 0ADFA49228BCCB78008429CF /* DXMVVMCExample.app */;
			productType = "com.apple.product-type.application";
		};
		0ADFA4A728BCCB7A008429CF /* DXMVVMCExampleTests */ = {
			isa = PBXNativeTarget;
			buildConfigurationList = 0ADFA4BF28BCCB7A008429CF /* Build configuration list for PBXNativeTarget "DXMVVMCExampleTests" */;
			buildPhases = (
				77E85DEB68C78706A17A93CA /* [CP] Check Pods Manifest.lock */,
				0ADFA4A428BCCB7A008429CF /* Sources */,
				0ADFA4A528BCCB7A008429CF /* Frameworks */,
				0ADFA4A628BCCB7A008429CF /* Resources */,
				E6727F79922D2DD57E25F3E9 /* [CP] Embed Pods Frameworks */,
			);
			buildRules = (
			);
			dependencies = (
				0ADFA4AA28BCCB7A008429CF /* PBXTargetDependency */,
			);
			name = DXMVVMCExampleTests;
			productName = DXMVVMCExampleTests;
			productReference = 0ADFA4A828BCCB7A008429CF /* DXMVVMCExampleTests.xctest */;
			productType = "com.apple.product-type.bundle.unit-test";
		};
		0ADFA4B128BCCB7A008429CF /* DXMVVMCExampleUITests */ = {
			isa = PBXNativeTarget;
			buildConfigurationList = 0ADFA4C228BCCB7A008429CF /* Build configuration list for PBXNativeTarget "DXMVVMCExampleUITests" */;
			buildPhases = (
				3F2563B6096003C5A0C014A2 /* [CP] Check Pods Manifest.lock */,
				0ADFA4AE28BCCB7A008429CF /* Sources */,
				0ADFA4AF28BCCB7A008429CF /* Frameworks */,
				0ADFA4B028BCCB7A008429CF /* Resources */,
				605CC22C6E3A59D79A8C2283 /* [CP] Embed Pods Frameworks */,
			);
			buildRules = (
			);
			dependencies = (
				0ADFA4B428BCCB7A008429CF /* PBXTargetDependency */,
			);
			name = DXMVVMCExampleUITests;
			productName = DXMVVMCExampleUITests;
			productReference = 0ADFA4B228BCCB7A008429CF /* DXMVVMCExampleUITests.xctest */;
			productType = "com.apple.product-type.bundle.ui-testing";
		};
/* End PBXNativeTarget section */

/* Begin PBXProject section */
		0ADFA48A28BCCB78008429CF /* Project object */ = {
			isa = PBXProject;
			attributes = {
				BuildIndependentTargetsInParallel = 1;
				LastSwiftUpdateCheck = 1340;
				LastUpgradeCheck = 1340;
				TargetAttributes = {
					0ADFA49128BCCB78008429CF = {
						CreatedOnToolsVersion = 13.4.1;
					};
					0ADFA4A728BCCB7A008429CF = {
						CreatedOnToolsVersion = 13.4.1;
						TestTargetID = 0ADFA49128BCCB78008429CF;
					};
					0ADFA4B128BCCB7A008429CF = {
						CreatedOnToolsVersion = 13.4.1;
						TestTargetID = 0ADFA49128BCCB78008429CF;
					};
				};
			};
			buildConfigurationList = 0ADFA48D28BCCB78008429CF /* Build configuration list for PBXProject "DXMVVMCExample" */;
			compatibilityVersion = "Xcode 13.0";
			developmentRegion = en;
			hasScannedForEncodings = 0;
			knownRegions = (
				en,
				Base,
			);
			mainGroup = 0ADFA48928BCCB78008429CF;
			productRefGroup = 0ADFA49328BCCB78008429CF /* Products */;
			projectDirPath = "";
			projectRoot = "";
			targets = (
				0ADFA49128BCCB78008429CF /* DXMVVMCExample */,
				0ADFA4A728BCCB7A008429CF /* DXMVVMCExampleTests */,
				0ADFA4B128BCCB7A008429CF /* DXMVVMCExampleUITests */,
			);
		};
/* End PBXProject section */

/* Begin PBXResourcesBuildPhase section */
		0ADFA49028BCCB78008429CF /* Resources */ = {
			isa = PBXResourcesBuildPhase;
			buildActionMask = 2147483647;
			files = (
				0ADFA51628BCCC48008429CF /* Assets.xcassets in Resources */,
				0ADFA51828BCCC48008429CF /* LaunchScreenImage.png in Resources */,
				0ADFA51728BCCC48008429CF /* LaunchScreen.storyboard in Resources */,
			);
			runOnlyForDeploymentPostprocessing = 0;
		};
		0ADFA4A628BCCB7A008429CF /* Resources */ = {
			isa = PBXResourcesBuildPhase;
			buildActionMask = 2147483647;
			files = (
			);
			runOnlyForDeploymentPostprocessing = 0;
		};
		0ADFA4B028BCCB7A008429CF /* Resources */ = {
			isa = PBXResourcesBuildPhase;
			buildActionMask = 2147483647;
			files = (
			);
			runOnlyForDeploymentPostprocessing = 0;
		};
/* End PBXResourcesBuildPhase section */

/* Begin PBXShellScriptBuildPhase section */
		14D6DA0B8C5AF81C6BF2F84B /* [CP] Embed Pods Frameworks */ = {
			isa = PBXShellScriptBuildPhase;
			buildActionMask = 2147483647;
			files = (
			);
			inputFileListPaths = (
				"${PODS_ROOT}/Target Support Files/Pods-DXMVVMCExample/Pods-DXMVVMCExample-frameworks-${CONFIGURATION}-input-files.xcfilelist",
			);
			name = "[CP] Embed Pods Frameworks";
			outputFileListPaths = (
				"${PODS_ROOT}/Target Support Files/Pods-DXMVVMCExample/Pods-DXMVVMCExample-frameworks-${CONFIGURATION}-output-files.xcfilelist",
			);
			runOnlyForDeploymentPostprocessing = 0;
			shellPath = /bin/sh;
			shellScript = "\"${PODS_ROOT}/Target Support Files/Pods-DXMVVMCExample/Pods-DXMVVMCExample-frameworks.sh\"\n";
			showEnvVarsInLog = 0;
		};
		380FABF72C563AB687F72E91 /* [CP] Check Pods Manifest.lock */ = {
			isa = PBXShellScriptBuildPhase;
			buildActionMask = 2147483647;
			files = (
			);
			inputFileListPaths = (
			);
			inputPaths = (
				"${PODS_PODFILE_DIR_PATH}/Podfile.lock",
				"${PODS_ROOT}/Manifest.lock",
			);
			name = "[CP] Check Pods Manifest.lock";
			outputFileListPaths = (
			);
			outputPaths = (
				"$(DERIVED_FILE_DIR)/Pods-DXMVVMCExample-checkManifestLockResult.txt",
			);
			runOnlyForDeploymentPostprocessing = 0;
			shellPath = /bin/sh;
			shellScript = "diff \"${PODS_PODFILE_DIR_PATH}/Podfile.lock\" \"${PODS_ROOT}/Manifest.lock\" > /dev/null\nif [ $? != 0 ] ; then\n    # print error to STDERR\n    echo \"error: The sandbox is not in sync with the Podfile.lock. Run 'pod install' or update your CocoaPods installation.\" >&2\n    exit 1\nfi\n# This output is used by Xcode 'outputs' to avoid re-running this script phase.\necho \"SUCCESS\" > \"${SCRIPT_OUTPUT_FILE_0}\"\n";
			showEnvVarsInLog = 0;
		};
		3F2563B6096003C5A0C014A2 /* [CP] Check Pods Manifest.lock */ = {
			isa = PBXShellScriptBuildPhase;
			buildActionMask = 2147483647;
			files = (
			);
			inputFileListPaths = (
			);
			inputPaths = (
				"${PODS_PODFILE_DIR_PATH}/Podfile.lock",
				"${PODS_ROOT}/Manifest.lock",
			);
			name = "[CP] Check Pods Manifest.lock";
			outputFileListPaths = (
			);
			outputPaths = (
				"$(DERIVED_FILE_DIR)/Pods-DXMVVMCExample-DXMVVMCExampleUITests-checkManifestLockResult.txt",
			);
			runOnlyForDeploymentPostprocessing = 0;
			shellPath = /bin/sh;
			shellScript = "diff \"${PODS_PODFILE_DIR_PATH}/Podfile.lock\" \"${PODS_ROOT}/Manifest.lock\" > /dev/null\nif [ $? != 0 ] ; then\n    # print error to STDERR\n    echo \"error: The sandbox is not in sync with the Podfile.lock. Run 'pod install' or update your CocoaPods installation.\" >&2\n    exit 1\nfi\n# This output is used by Xcode 'outputs' to avoid re-running this script phase.\necho \"SUCCESS\" > \"${SCRIPT_OUTPUT_FILE_0}\"\n";
			showEnvVarsInLog = 0;
		};
		605CC22C6E3A59D79A8C2283 /* [CP] Embed Pods Frameworks */ = {
			isa = PBXShellScriptBuildPhase;
			buildActionMask = 2147483647;
			files = (
			);
			inputFileListPaths = (
				"${PODS_ROOT}/Target Support Files/Pods-DXMVVMCExample-DXMVVMCExampleUITests/Pods-DXMVVMCExample-DXMVVMCExampleUITests-frameworks-${CONFIGURATION}-input-files.xcfilelist",
			);
			name = "[CP] Embed Pods Frameworks";
			outputFileListPaths = (
				"${PODS_ROOT}/Target Support Files/Pods-DXMVVMCExample-DXMVVMCExampleUITests/Pods-DXMVVMCExample-DXMVVMCExampleUITests-frameworks-${CONFIGURATION}-output-files.xcfilelist",
			);
			runOnlyForDeploymentPostprocessing = 0;
			shellPath = /bin/sh;
			shellScript = "\"${PODS_ROOT}/Target Support Files/Pods-DXMVVMCExample-DXMVVMCExampleUITests/Pods-DXMVVMCExample-DXMVVMCExampleUITests-frameworks.sh\"\n";
			showEnvVarsInLog = 0;
		};
		77E85DEB68C78706A17A93CA /* [CP] Check Pods Manifest.lock */ = {
			isa = PBXShellScriptBuildPhase;
			buildActionMask = 2147483647;
			files = (
			);
			inputFileListPaths = (
			);
			inputPaths = (
				"${PODS_PODFILE_DIR_PATH}/Podfile.lock",
				"${PODS_ROOT}/Manifest.lock",
			);
			name = "[CP] Check Pods Manifest.lock";
			outputFileListPaths = (
			);
			outputPaths = (
				"$(DERIVED_FILE_DIR)/Pods-DXMVVMCExampleTests-checkManifestLockResult.txt",
			);
			runOnlyForDeploymentPostprocessing = 0;
			shellPath = /bin/sh;
			shellScript = "diff \"${PODS_PODFILE_DIR_PATH}/Podfile.lock\" \"${PODS_ROOT}/Manifest.lock\" > /dev/null\nif [ $? != 0 ] ; then\n    # print error to STDERR\n    echo \"error: The sandbox is not in sync with the Podfile.lock. Run 'pod install' or update your CocoaPods installation.\" >&2\n    exit 1\nfi\n# This output is used by Xcode 'outputs' to avoid re-running this script phase.\necho \"SUCCESS\" > \"${SCRIPT_OUTPUT_FILE_0}\"\n";
			showEnvVarsInLog = 0;
		};
		E6727F79922D2DD57E25F3E9 /* [CP] Embed Pods Frameworks */ = {
			isa = PBXShellScriptBuildPhase;
			buildActionMask = 2147483647;
			files = (
			);
			inputFileListPaths = (
				"${PODS_ROOT}/Target Support Files/Pods-DXMVVMCExampleTests/Pods-DXMVVMCExampleTests-frameworks-${CONFIGURATION}-input-files.xcfilelist",
			);
			name = "[CP] Embed Pods Frameworks";
			outputFileListPaths = (
				"${PODS_ROOT}/Target Support Files/Pods-DXMVVMCExampleTests/Pods-DXMVVMCExampleTests-frameworks-${CONFIGURATION}-output-files.xcfilelist",
			);
			runOnlyForDeploymentPostprocessing = 0;
			shellPath = /bin/sh;
			shellScript = "\"${PODS_ROOT}/Target Support Files/Pods-DXMVVMCExampleTests/Pods-DXMVVMCExampleTests-frameworks.sh\"\n";
			showEnvVarsInLog = 0;
		};
/* End PBXShellScriptBuildPhase section */

/* Begin PBXSourcesBuildPhase section */
		0ADFA48E28BCCB78008429CF /* Sources */ = {
			isa = PBXSourcesBuildPhase;
			buildActionMask = 2147483647;
			files = (
				0AD75F852959AAD50038C77E /* DogsUseCase.swift in Sources */,
				0AD75F542959A0930038C77E /* CatsUseCase.swift in Sources */,
				0A4CF1902947320D003B85DB /* CatsCoordinator.swift in Sources */,
				0AEA65EC295906B700DD457C /* KittensListDataSource.swift in Sources */,
				0ADFA4FF28BCCBC7008429CF /* DogsGalleryListDataSource.swift in Sources */,
				0ADFA50328BCCBC7008429CF /* ImageTableViewCell.swift in Sources */,
				0AD75F4E2959918B0038C77E /* CatsRemoteDataSource.swift in Sources */,
				0ADFA50728BCCBC7008429CF /* LayoutConstraint.swift in Sources */,
				0AD75F502959930E0038C77E /* CatsRepositroyImpl.swift in Sources */,
				0ADFA50228BCCBC7008429CF /* PostModel.swift in Sources */,
				0A4CF18C2947118E003B85DB /* Coordinator.swift in Sources */,
				0ADFA4F328BCCBC7008429CF /* ImageLoader.swift in Sources */,
				0AD75F822959AAD50038C77E /* PuppiesRepositroy.swift in Sources */,
				0ADFA50628BCCBC7008429CF /* SceneDelegate.swift in Sources */,
				0ADFA50528BCCBC7008429CF /* AppDelegate.swift in Sources */,
				0AD75F5B2959A8AD0038C77E /* KittensRepositroyImpl.swift in Sources */,
				0ACDC004294F708D0020226F /* Factory.swift in Sources */,
				0AD75F842959AAD50038C77E /* PuppiesUseCase.swift in Sources */,
				0ADFA50828BCCBC7008429CF /* CellIdentifier.swift in Sources */,
				0AD75F802959AAD50038C77E /* DogsRepositroyImpl.swift in Sources */,
				0AD75F812959AAD50038C77E /* PuppiesRepositroyImpl.swift in Sources */,
				0ADFA51028BCCBC7008429CF /* CatsViewModel.swift in Sources */,
				0A7C9553294764020045EBAA /* AppTabBarController.swift in Sources */,
				0AD75F862959AAD50038C77E /* DogsPost.swift in Sources */,
				0ADFA50E28BCCBC7008429CF /* DogsCoordinator.swift in Sources */,
				0AD75F5229599FEF0038C77E /* CatsRepositroy.swift in Sources */,
				0ADFA4F528BCCBC7008429CF /* NetworkEngine.swift in Sources */,
				0ADFA50C28BCCBC7008429CF /* DogsViewController.swift in Sources */,
				0AD75F8E2959BA510038C77E /* CustomNavigationController.swift in Sources */,
				0ADFA50A28BCCBC7008429CF /* Consts.swift in Sources */,
				0AD75F5D2959A92C0038C77E /* KittensRepositroy.swift in Sources */,
				0AD75F4C295990A30038C77E /* CatsPost.swift in Sources */,
				0ADFA50F28BCCBC7008429CF /* CatsViewController.swift in Sources */,
				0ADFA50028BCCBC7008429CF /* DogsListDataSource.swift in Sources */,
				0ACDC006294F70E10020226F /* InjectionContainer.swift in Sources */,
				0ADFA4F428BCCBC7008429CF /* GalleryEndpoint.swift in Sources */,
				0AD75F882959AAD50038C77E /* DogsViewModel.swift in Sources */,
				0AD75F5F2959A9C00038C77E /* KittensUseCase.swift in Sources */,
				0AD75F7F2959AAD50038C77E /* DogsRemoteDataSource.swift in Sources */,
				0ADFA50128BCCBC7008429CF /* CatsGalleryListDataSource.swift in Sources */,
				0AD75F832959AAD50038C77E /* DogsRepositroy.swift in Sources */,
				0ADFA50428BCCBC7008429CF /* AsyncImageView.swift in Sources */,
				0AD75F592959A84E0038C77E /* KittensRemoteDataSource.swift in Sources */,
				0ADFA4FD28BCCBC7008429CF /* CatsListDataSource.swift in Sources */,
				0AD75F7E2959AAD50038C77E /* PuppiesRemoteDataSource.swift in Sources */,
				0ADFA4FC28BCCBC7008429CF /* PuppiesListDataSource.swift in Sources */,
			);
			runOnlyForDeploymentPostprocessing = 0;
		};
		0ADFA4A428BCCB7A008429CF /* Sources */ = {
			isa = PBXSourcesBuildPhase;
			buildActionMask = 2147483647;
			files = (
				0ACDC002294F6E300020226F /* AutoGeneratedMocks.swift in Sources */,
			);
			runOnlyForDeploymentPostprocessing = 0;
		};
		0ADFA4AE28BCCB7A008429CF /* Sources */ = {
			isa = PBXSourcesBuildPhase;
			buildActionMask = 2147483647;
			files = (
				0ADFA4B728BCCB7A008429CF /* DXMVVMCExampleUITests.swift in Sources */,
				0ADFA4B928BCCB7A008429CF /* DXMVVMCExampleUITestsLaunchTests.swift in Sources */,
				0AD220CF28E32C0400676E6D /* SnapshotHelper.swift in Sources */,
			);
			runOnlyForDeploymentPostprocessing = 0;
		};
/* End PBXSourcesBuildPhase section */

/* Begin PBXTargetDependency section */
		0ADFA4AA28BCCB7A008429CF /* PBXTargetDependency */ = {
			isa = PBXTargetDependency;
			target = 0ADFA49128BCCB78008429CF /* DXMVVMCExample */;
			targetProxy = 0ADFA4A928BCCB7A008429CF /* PBXContainerItemProxy */;
		};
		0ADFA4B428BCCB7A008429CF /* PBXTargetDependency */ = {
			isa = PBXTargetDependency;
			target = 0ADFA49128BCCB78008429CF /* DXMVVMCExample */;
			targetProxy = 0ADFA4B328BCCB7A008429CF /* PBXContainerItemProxy */;
		};
/* End PBXTargetDependency section */

/* Begin PBXVariantGroup section */
		0ADFA51328BCCC48008429CF /* LaunchScreen.storyboard */ = {
			isa = PBXVariantGroup;
			children = (
				0ADFA51428BCCC48008429CF /* Base */,
			);
			name = LaunchScreen.storyboard;
			sourceTree = "<group>";
		};
/* End PBXVariantGroup section */

/* Begin XCBuildConfiguration section */
		0ADFA4BA28BCCB7A008429CF /* Debug */ = {
			isa = XCBuildConfiguration;
			buildSettings = {
				ALWAYS_SEARCH_USER_PATHS = NO;
				CLANG_ANALYZER_NONNULL = YES;
				CLANG_ANALYZER_NUMBER_OBJECT_CONVERSION = YES_AGGRESSIVE;
				CLANG_CXX_LANGUAGE_STANDARD = "gnu++17";
				CLANG_ENABLE_MODULES = YES;
				CLANG_ENABLE_OBJC_ARC = YES;
				CLANG_ENABLE_OBJC_WEAK = YES;
				CLANG_WARN_BLOCK_CAPTURE_AUTORELEASING = YES;
				CLANG_WARN_BOOL_CONVERSION = YES;
				CLANG_WARN_COMMA = YES;
				CLANG_WARN_CONSTANT_CONVERSION = YES;
				CLANG_WARN_DEPRECATED_OBJC_IMPLEMENTATIONS = YES;
				CLANG_WARN_DIRECT_OBJC_ISA_USAGE = YES_ERROR;
				CLANG_WARN_DOCUMENTATION_COMMENTS = YES;
				CLANG_WARN_EMPTY_BODY = YES;
				CLANG_WARN_ENUM_CONVERSION = YES;
				CLANG_WARN_INFINITE_RECURSION = YES;
				CLANG_WARN_INT_CONVERSION = YES;
				CLANG_WARN_NON_LITERAL_NULL_CONVERSION = YES;
				CLANG_WARN_OBJC_IMPLICIT_RETAIN_SELF = YES;
				CLANG_WARN_OBJC_LITERAL_CONVERSION = YES;
				CLANG_WARN_OBJC_ROOT_CLASS = YES_ERROR;
				CLANG_WARN_QUOTED_INCLUDE_IN_FRAMEWORK_HEADER = YES;
				CLANG_WARN_RANGE_LOOP_ANALYSIS = YES;
				CLANG_WARN_STRICT_PROTOTYPES = YES;
				CLANG_WARN_SUSPICIOUS_MOVE = YES;
				CLANG_WARN_UNGUARDED_AVAILABILITY = YES_AGGRESSIVE;
				CLANG_WARN_UNREACHABLE_CODE = YES;
				CLANG_WARN__DUPLICATE_METHOD_MATCH = YES;
				COPY_PHASE_STRIP = NO;
				DEBUG_INFORMATION_FORMAT = dwarf;
				ENABLE_STRICT_OBJC_MSGSEND = YES;
				ENABLE_TESTABILITY = YES;
				GCC_C_LANGUAGE_STANDARD = gnu11;
				GCC_DYNAMIC_NO_PIC = NO;
				GCC_NO_COMMON_BLOCKS = YES;
				GCC_OPTIMIZATION_LEVEL = 0;
				GCC_PREPROCESSOR_DEFINITIONS = (
					"DEBUG=1",
					"$(inherited)",
				);
				GCC_WARN_64_TO_32_BIT_CONVERSION = YES;
				GCC_WARN_ABOUT_RETURN_TYPE = YES_ERROR;
				GCC_WARN_UNDECLARED_SELECTOR = YES;
				GCC_WARN_UNINITIALIZED_AUTOS = YES_AGGRESSIVE;
				GCC_WARN_UNUSED_FUNCTION = YES;
				GCC_WARN_UNUSED_VARIABLE = YES;
				IPHONEOS_DEPLOYMENT_TARGET = 15.5;
				MTL_ENABLE_DEBUG_INFO = INCLUDE_SOURCE;
				MTL_FAST_MATH = YES;
				ONLY_ACTIVE_ARCH = YES;
				SDKROOT = iphoneos;
				SWIFT_ACTIVE_COMPILATION_CONDITIONS = DEBUG;
				SWIFT_OPTIMIZATION_LEVEL = "-Onone";
			};
			name = Debug;
		};
		0ADFA4BB28BCCB7A008429CF /* Release */ = {
			isa = XCBuildConfiguration;
			buildSettings = {
				ALWAYS_SEARCH_USER_PATHS = NO;
				CLANG_ANALYZER_NONNULL = YES;
				CLANG_ANALYZER_NUMBER_OBJECT_CONVERSION = YES_AGGRESSIVE;
				CLANG_CXX_LANGUAGE_STANDARD = "gnu++17";
				CLANG_ENABLE_MODULES = YES;
				CLANG_ENABLE_OBJC_ARC = YES;
				CLANG_ENABLE_OBJC_WEAK = YES;
				CLANG_WARN_BLOCK_CAPTURE_AUTORELEASING = YES;
				CLANG_WARN_BOOL_CONVERSION = YES;
				CLANG_WARN_COMMA = YES;
				CLANG_WARN_CONSTANT_CONVERSION = YES;
				CLANG_WARN_DEPRECATED_OBJC_IMPLEMENTATIONS = YES;
				CLANG_WARN_DIRECT_OBJC_ISA_USAGE = YES_ERROR;
				CLANG_WARN_DOCUMENTATION_COMMENTS = YES;
				CLANG_WARN_EMPTY_BODY = YES;
				CLANG_WARN_ENUM_CONVERSION = YES;
				CLANG_WARN_INFINITE_RECURSION = YES;
				CLANG_WARN_INT_CONVERSION = YES;
				CLANG_WARN_NON_LITERAL_NULL_CONVERSION = YES;
				CLANG_WARN_OBJC_IMPLICIT_RETAIN_SELF = YES;
				CLANG_WARN_OBJC_LITERAL_CONVERSION = YES;
				CLANG_WARN_OBJC_ROOT_CLASS = YES_ERROR;
				CLANG_WARN_QUOTED_INCLUDE_IN_FRAMEWORK_HEADER = YES;
				CLANG_WARN_RANGE_LOOP_ANALYSIS = YES;
				CLANG_WARN_STRICT_PROTOTYPES = YES;
				CLANG_WARN_SUSPICIOUS_MOVE = YES;
				CLANG_WARN_UNGUARDED_AVAILABILITY = YES_AGGRESSIVE;
				CLANG_WARN_UNREACHABLE_CODE = YES;
				CLANG_WARN__DUPLICATE_METHOD_MATCH = YES;
				COPY_PHASE_STRIP = NO;
				DEBUG_INFORMATION_FORMAT = "dwarf-with-dsym";
				ENABLE_NS_ASSERTIONS = NO;
				ENABLE_STRICT_OBJC_MSGSEND = YES;
				GCC_C_LANGUAGE_STANDARD = gnu11;
				GCC_NO_COMMON_BLOCKS = YES;
				GCC_WARN_64_TO_32_BIT_CONVERSION = YES;
				GCC_WARN_ABOUT_RETURN_TYPE = YES_ERROR;
				GCC_WARN_UNDECLARED_SELECTOR = YES;
				GCC_WARN_UNINITIALIZED_AUTOS = YES_AGGRESSIVE;
				GCC_WARN_UNUSED_FUNCTION = YES;
				GCC_WARN_UNUSED_VARIABLE = YES;
				IPHONEOS_DEPLOYMENT_TARGET = 15.5;
				MTL_ENABLE_DEBUG_INFO = NO;
				MTL_FAST_MATH = YES;
				SDKROOT = iphoneos;
				SWIFT_COMPILATION_MODE = wholemodule;
				SWIFT_OPTIMIZATION_LEVEL = "-O";
				VALIDATE_PRODUCT = YES;
			};
			name = Release;
		};
		0ADFA4BD28BCCB7A008429CF /* Debug */ = {
			isa = XCBuildConfiguration;
			baseConfigurationReference = A23A4F7FD4982C893E69F78D /* Pods-DXMVVMCExample.debug.xcconfig */;
			buildSettings = {
				ASSETCATALOG_COMPILER_APPICON_NAME = AppIcon;
				ASSETCATALOG_COMPILER_GLOBAL_ACCENT_COLOR_NAME = AccentColor;
				CODE_SIGN_IDENTITY = "iPhone Distribution";
				CODE_SIGN_STYLE = Manual;
				CURRENT_PROJECT_VERSION = 22;
				DEVELOPMENT_TEAM = 9W4STM7DA3;
				GENERATE_INFOPLIST_FILE = YES;
				INFOPLIST_FILE = DXMVVMCExample/Ressources/Info.plist;
				INFOPLIST_KEY_CFBundleDisplayName = "DX Cats";
				INFOPLIST_KEY_UIApplicationSupportsIndirectInputEvents = YES;
				INFOPLIST_KEY_UILaunchStoryboardName = LaunchScreen;
				INFOPLIST_KEY_UISupportedInterfaceOrientations_iPad = "UIInterfaceOrientationPortrait UIInterfaceOrientationPortraitUpsideDown UIInterfaceOrientationLandscapeLeft UIInterfaceOrientationLandscapeRight";
				INFOPLIST_KEY_UISupportedInterfaceOrientations_iPhone = "UIInterfaceOrientationPortrait UIInterfaceOrientationLandscapeLeft UIInterfaceOrientationLandscapeRight";
				IPHONEOS_DEPLOYMENT_TARGET = 12.0;
				LD_RUNPATH_SEARCH_PATHS = (
					"$(inherited)",
					"@executable_path/Frameworks",
				);
				MARKETING_VERSION = 1.1.0;
				PRODUCT_BUNDLE_IDENTIFIER = me.yasirromaya.dxcats;
				PRODUCT_NAME = "$(TARGET_NAME)";
				PROVISIONING_PROFILE_SPECIFIER = "match AppStore me.yasirromaya.dxcats";
				SWIFT_EMIT_LOC_STRINGS = YES;
				SWIFT_VERSION = 5.0;
				TARGETED_DEVICE_FAMILY = "1,2";
			};
			name = Debug;
		};
		0ADFA4BE28BCCB7A008429CF /* Release */ = {
			isa = XCBuildConfiguration;
			baseConfigurationReference = F0DF94CB94DD04A9A66B8B20 /* Pods-DXMVVMCExample.release.xcconfig */;
			buildSettings = {
				ASSETCATALOG_COMPILER_APPICON_NAME = AppIcon;
				ASSETCATALOG_COMPILER_GLOBAL_ACCENT_COLOR_NAME = AccentColor;
				CODE_SIGN_IDENTITY = "iPhone Distribution";
				CODE_SIGN_STYLE = Manual;
				CURRENT_PROJECT_VERSION = 22;
				DEVELOPMENT_TEAM = 9W4STM7DA3;
				GENERATE_INFOPLIST_FILE = YES;
				INFOPLIST_FILE = DXMVVMCExample/Ressources/Info.plist;
				INFOPLIST_KEY_CFBundleDisplayName = "DX Cats";
				INFOPLIST_KEY_UIApplicationSupportsIndirectInputEvents = YES;
				INFOPLIST_KEY_UILaunchStoryboardName = LaunchScreen;
				INFOPLIST_KEY_UISupportedInterfaceOrientations_iPad = "UIInterfaceOrientationPortrait UIInterfaceOrientationPortraitUpsideDown UIInterfaceOrientationLandscapeLeft UIInterfaceOrientationLandscapeRight";
				INFOPLIST_KEY_UISupportedInterfaceOrientations_iPhone = "UIInterfaceOrientationPortrait UIInterfaceOrientationLandscapeLeft UIInterfaceOrientationLandscapeRight";
				IPHONEOS_DEPLOYMENT_TARGET = 12.0;
				LD_RUNPATH_SEARCH_PATHS = (
					"$(inherited)",
					"@executable_path/Frameworks",
				);
				MARKETING_VERSION = 1.1.0;
				PRODUCT_BUNDLE_IDENTIFIER = me.yasirromaya.dxcats;
				PRODUCT_NAME = "$(TARGET_NAME)";
				PROVISIONING_PROFILE_SPECIFIER = "match AppStore me.yasirromaya.dxcats";
				SWIFT_EMIT_LOC_STRINGS = YES;
				SWIFT_VERSION = 5.0;
				TARGETED_DEVICE_FAMILY = "1,2";
			};
			name = Release;
		};
		0ADFA4C028BCCB7A008429CF /* Debug */ = {
			isa = XCBuildConfiguration;
			baseConfigurationReference = A49E059DA3F665B6D6C2EFC6 /* Pods-DXMVVMCExampleTests.debug.xcconfig */;
			buildSettings = {
				ALWAYS_EMBED_SWIFT_STANDARD_LIBRARIES = YES;
				BUNDLE_LOADER = "$(TEST_HOST)";
				CODE_SIGN_STYLE = Automatic;
				CURRENT_PROJECT_VERSION = 21;
				DEVELOPMENT_TEAM = 9W4STM7DA3;
				GENERATE_INFOPLIST_FILE = YES;
				IPHONEOS_DEPLOYMENT_TARGET = 15.5;
				MARKETING_VERSION = 1.0;
				PRODUCT_BUNDLE_IDENTIFIER = me.yasirromaya.DXMVVMCExampleTests;
				PRODUCT_NAME = "$(TARGET_NAME)";
				SWIFT_EMIT_LOC_STRINGS = NO;
				SWIFT_VERSION = 5.0;
				TARGETED_DEVICE_FAMILY = "1,2";
				TEST_HOST = "$(BUILT_PRODUCTS_DIR)/DXMVVMCExample.app/DXMVVMCExample";
			};
			name = Debug;
		};
		0ADFA4C128BCCB7A008429CF /* Release */ = {
			isa = XCBuildConfiguration;
			baseConfigurationReference = 650738CA9428DAC2A119ABF0 /* Pods-DXMVVMCExampleTests.release.xcconfig */;
			buildSettings = {
				ALWAYS_EMBED_SWIFT_STANDARD_LIBRARIES = YES;
				BUNDLE_LOADER = "$(TEST_HOST)";
				CODE_SIGN_STYLE = Automatic;
				CURRENT_PROJECT_VERSION = 21;
				DEVELOPMENT_TEAM = 9W4STM7DA3;
				GENERATE_INFOPLIST_FILE = YES;
				IPHONEOS_DEPLOYMENT_TARGET = 15.5;
				MARKETING_VERSION = 1.0;
				PRODUCT_BUNDLE_IDENTIFIER = me.yasirromaya.DXMVVMCExampleTests;
				PRODUCT_NAME = "$(TARGET_NAME)";
				SWIFT_EMIT_LOC_STRINGS = NO;
				SWIFT_VERSION = 5.0;
				TARGETED_DEVICE_FAMILY = "1,2";
				TEST_HOST = "$(BUILT_PRODUCTS_DIR)/DXMVVMCExample.app/DXMVVMCExample";
			};
			name = Release;
		};
		0ADFA4C328BCCB7A008429CF /* Debug */ = {
			isa = XCBuildConfiguration;
			baseConfigurationReference = 252D6949CF69B4B03E8FE9D1 /* Pods-DXMVVMCExample-DXMVVMCExampleUITests.debug.xcconfig */;
			buildSettings = {
				ALWAYS_EMBED_SWIFT_STANDARD_LIBRARIES = YES;
				CODE_SIGN_STYLE = Automatic;
				CURRENT_PROJECT_VERSION = 21;
				DEVELOPMENT_TEAM = 9W4STM7DA3;
				GENERATE_INFOPLIST_FILE = YES;
				MARKETING_VERSION = 1.0;
				PRODUCT_BUNDLE_IDENTIFIER = me.yasirromaya.DXMVVMCExampleUITests;
				PRODUCT_NAME = "$(TARGET_NAME)";
				SWIFT_EMIT_LOC_STRINGS = NO;
				SWIFT_VERSION = 5.0;
				TARGETED_DEVICE_FAMILY = "1,2";
				TEST_TARGET_NAME = DXMVVMCExample;
			};
			name = Debug;
		};
		0ADFA4C428BCCB7A008429CF /* Release */ = {
			isa = XCBuildConfiguration;
			baseConfigurationReference = ECC42B529B10B38364B8CB37 /* Pods-DXMVVMCExample-DXMVVMCExampleUITests.release.xcconfig */;
			buildSettings = {
				ALWAYS_EMBED_SWIFT_STANDARD_LIBRARIES = YES;
				CODE_SIGN_STYLE = Automatic;
				CURRENT_PROJECT_VERSION = 21;
				DEVELOPMENT_TEAM = 9W4STM7DA3;
				GENERATE_INFOPLIST_FILE = YES;
				MARKETING_VERSION = 1.0;
				PRODUCT_BUNDLE_IDENTIFIER = me.yasirromaya.DXMVVMCExampleUITests;
				PRODUCT_NAME = "$(TARGET_NAME)";
				SWIFT_EMIT_LOC_STRINGS = NO;
				SWIFT_VERSION = 5.0;
				TARGETED_DEVICE_FAMILY = "1,2";
				TEST_TARGET_NAME = DXMVVMCExample;
			};
			name = Release;
		};
/* End XCBuildConfiguration section */

/* Begin XCConfigurationList section */
		0ADFA48D28BCCB78008429CF /* Build configuration list for PBXProject "DXMVVMCExample" */ = {
			isa = XCConfigurationList;
			buildConfigurations = (
				0ADFA4BA28BCCB7A008429CF /* Debug */,
				0ADFA4BB28BCCB7A008429CF /* Release */,
			);
			defaultConfigurationIsVisible = 0;
			defaultConfigurationName = Release;
		};
		0ADFA4BC28BCCB7A008429CF /* Build configuration list for PBXNativeTarget "DXMVVMCExample" */ = {
			isa = XCConfigurationList;
			buildConfigurations = (
				0ADFA4BD28BCCB7A008429CF /* Debug */,
				0ADFA4BE28BCCB7A008429CF /* Release */,
			);
			defaultConfigurationIsVisible = 0;
			defaultConfigurationName = Release;
		};
		0ADFA4BF28BCCB7A008429CF /* Build configuration list for PBXNativeTarget "DXMVVMCExampleTests" */ = {
			isa = XCConfigurationList;
			buildConfigurations = (
				0ADFA4C028BCCB7A008429CF /* Debug */,
				0ADFA4C128BCCB7A008429CF /* Release */,
			);
			defaultConfigurationIsVisible = 0;
			defaultConfigurationName = Release;
		};
		0ADFA4C228BCCB7A008429CF /* Build configuration list for PBXNativeTarget "DXMVVMCExampleUITests" */ = {
			isa = XCConfigurationList;
			buildConfigurations = (
				0ADFA4C328BCCB7A008429CF /* Debug */,
				0ADFA4C428BCCB7A008429CF /* Release */,
			);
			defaultConfigurationIsVisible = 0;
			defaultConfigurationName = Release;
		};
/* End XCConfigurationList section */
	};
	rootObject = 0ADFA48A28BCCB78008429CF /* Project object */;
}
