// !$*UTF8*$!
{
	archiveVersion = 1;
	classes = {
	};
	objectVersion = 55;
	objects = {

/* Begin PBXBuildFile section */
		0ADFA49628BCCB78008429CF /* AppDelegate.swift in Sources */ = {isa = PBXBuildFile; fileRef = 0ADFA49528BCCB78008429CF /* AppDelegate.swift */; };
		0ADFA49828BCCB78008429CF /* SceneDelegate.swift in Sources */ = {isa = PBXBuildFile; fileRef = 0ADFA49728BCCB78008429CF /* SceneDelegate.swift */; };
		0ADFA49A28BCCB78008429CF /* ViewController.swift in Sources */ = {isa = PBXBuildFile; fileRef = 0ADFA49928BCCB78008429CF /* ViewController.swift */; };
		0ADFA49D28BCCB78008429CF /* Main.storyboard in Resources */ = {isa = PBXBuildFile; fileRef = 0ADFA49B28BCCB78008429CF /* Main.storyboard */; };
		0ADFA49F28BCCB7A008429CF /* Assets.xcassets in Resources */ = {isa = PBXBuildFile; fileRef = 0ADFA49E28BCCB7A008429CF /* Assets.xcassets */; };
		0ADFA4A228BCCB7A008429CF /* LaunchScreen.storyboard in Resources */ = {isa = PBXBuildFile; fileRef = 0ADFA4A028BCCB7A008429CF /* LaunchScreen.storyboard */; };
		0ADFA4AD28BCCB7A008429CF /* DXMVVMCExampleTests.swift in Sources */ = {isa = PBXBuildFile; fileRef = 0ADFA4AC28BCCB7A008429CF /* DXMVVMCExampleTests.swift */; };
		0ADFA4B728BCCB7A008429CF /* DXMVVMCExampleUITests.swift in Sources */ = {isa = PBXBuildFile; fileRef = 0ADFA4B628BCCB7A008429CF /* DXMVVMCExampleUITests.swift */; };
		0ADFA4B928BCCB7A008429CF /* DXMVVMCExampleUITestsLaunchTests.swift in Sources */ = {isa = PBXBuildFile; fileRef = 0ADFA4B828BCCB7A008429CF /* DXMVVMCExampleUITestsLaunchTests.swift */; };
/* End PBXBuildFile section */

/* Begin PBXContainerItemProxy section */
		0ADFA4A928BCCB7A008429CF /* PBXContainerItemProxy */ = {
			isa = PBXContainerItemProxy;
			containerPortal = 0ADFA48A28BCCB78008429CF /* Project object */;
			proxyType = 1;
			remoteGlobalIDString = 0ADFA49128BCCB78008429CF;
			remoteInfo = DXMVVMCExample;
		};
		0ADFA4B328BCCB7A008429CF /* PBXContainerItemProxy */ = {
			isa = PBXContainerItemProxy;
			containerPortal = 0ADFA48A28BCCB78008429CF /* Project object */;
			proxyType = 1;
			remoteGlobalIDString = 0ADFA49128BCCB78008429CF;
			remoteInfo = DXMVVMCExample;
		};
/* End PBXContainerItemProxy section */

/* Begin PBXFileReference section */
		0ADFA49228BCCB78008429CF /* DXMVVMCExample.app */ = {isa = PBXFileReference; explicitFileType = wrapper.application; includeInIndex = 0; path = DXMVVMCExample.app; sourceTree = BUILT_PRODUCTS_DIR; };
		0ADFA49528BCCB78008429CF /* AppDelegate.swift */ = {isa = PBXFileReference; lastKnownFileType = sourcecode.swift; path = AppDelegate.swift; sourceTree = "<group>"; };
		0ADFA49728BCCB78008429CF /* SceneDelegate.swift */ = {isa = PBXFileReference; lastKnownFileType = sourcecode.swift; path = SceneDelegate.swift; sourceTree = "<group>"; };
		0ADFA49928BCCB78008429CF /* ViewController.swift */ = {isa = PBXFileReference; lastKnownFileType = sourcecode.swift; path = ViewController.swift; sourceTree = "<group>"; };
		0ADFA49C28BCCB78008429CF /* Base */ = {isa = PBXFileReference; lastKnownFileType = file.storyboard; name = Base; path = Base.lproj/Main.storyboard; sourceTree = "<group>"; };
		0ADFA49E28BCCB7A008429CF /* Assets.xcassets */ = {isa = PBXFileReference; lastKnownFileType = folder.assetcatalog; path = Assets.xcassets; sourceTree = "<group>"; };
		0ADFA4A128BCCB7A008429CF /* Base */ = {isa = PBXFileReference; lastKnownFileType = file.storyboard; name = Base; path = Base.lproj/LaunchScreen.storyboard; sourceTree = "<group>"; };
		0ADFA4A328BCCB7A008429CF /* Info.plist */ = {isa = PBXFileReference; lastKnownFileType = text.plist.xml; path = Info.plist; sourceTree = "<group>"; };
		0ADFA4A828BCCB7A008429CF /* DXMVVMCExampleTests.xctest */ = {isa = PBXFileReference; explicitFileType = wrapper.cfbundle; includeInIndex = 0; path = DXMVVMCExampleTests.xctest; sourceTree = BUILT_PRODUCTS_DIR; };
		0ADFA4AC28BCCB7A008429CF /* DXMVVMCExampleTests.swift */ = {isa = PBXFileReference; lastKnownFileType = sourcecode.swift; path = DXMVVMCExampleTests.swift; sourceTree = "<group>"; };
		0ADFA4B228BCCB7A008429CF /* DXMVVMCExampleUITests.xctest */ = {isa = PBXFileReference; explicitFileType = wrapper.cfbundle; includeInIndex = 0; path = DXMVVMCExampleUITests.xctest; sourceTree = BUILT_PRODUCTS_DIR; };
		0ADFA4B628BCCB7A008429CF /* DXMVVMCExampleUITests.swift */ = {isa = PBXFileReference; lastKnownFileType = sourcecode.swift; path = DXMVVMCExampleUITests.swift; sourceTree = "<group>"; };
		0ADFA4B828BCCB7A008429CF /* DXMVVMCExampleUITestsLaunchTests.swift */ = {isa = PBXFileReference; lastKnownFileType = sourcecode.swift; path = DXMVVMCExampleUITestsLaunchTests.swift; sourceTree = "<group>"; };
/* End PBXFileReference section */

/* Begin PBXFrameworksBuildPhase section */
		0ADFA48F28BCCB78008429CF /* Frameworks */ = {
			isa = PBXFrameworksBuildPhase;
			buildActionMask = 2147483647;
			files = (
			);
			runOnlyForDeploymentPostprocessing = 0;
		};
		0ADFA4A528BCCB7A008429CF /* Frameworks */ = {
			isa = PBXFrameworksBuildPhase;
			buildActionMask = 2147483647;
			files = (
			);
			runOnlyForDeploymentPostprocessing = 0;
		};
		0ADFA4AF28BCCB7A008429CF /* Frameworks */ = {
			isa = PBXFrameworksBuildPhase;
			buildActionMask = 2147483647;
			files = (
			);
			runOnlyForDeploymentPostprocessing = 0;
		};
/* End PBXFrameworksBuildPhase section */

/* Begin PBXGroup section */
		0ADFA48928BCCB78008429CF = {
			isa = PBXGroup;
			children = (
				0ADFA49428BCCB78008429CF /* DXMVVMCExample */,
				0ADFA4AB28BCCB7A008429CF /* DXMVVMCExampleTests */,
				0ADFA4B528BCCB7A008429CF /* DXMVVMCExampleUITests */,
				0ADFA49328BCCB78008429CF /* Products */,
			);
			sourceTree = "<group>";
		};
		0ADFA49328BCCB78008429CF /* Products */ = {
			isa = PBXGroup;
			children = (
				0ADFA49228BCCB78008429CF /* DXMVVMCExample.app */,
				0ADFA4A828BCCB7A008429CF /* DXMVVMCExampleTests.xctest */,
				0ADFA4B228BCCB7A008429CF /* DXMVVMCExampleUITests.xctest */,
			);
			name = Products;
			sourceTree = "<group>";
		};
		0ADFA49428BCCB78008429CF /* DXMVVMCExample */ = {
			isa = PBXGroup;
			children = (
				0ADFA49528BCCB78008429CF /* AppDelegate.swift */,
				0ADFA49728BCCB78008429CF /* SceneDelegate.swift */,
				0ADFA49928BCCB78008429CF /* ViewController.swift */,
				0ADFA49B28BCCB78008429CF /* Main.storyboard */,
				0ADFA49E28BCCB7A008429CF /* Assets.xcassets */,
				0ADFA4A028BCCB7A008429CF /* LaunchScreen.storyboard */,
				0ADFA4A328BCCB7A008429CF /* Info.plist */,
			);
			path = DXMVVMCExample;
			sourceTree = "<group>";
		};
		0ADFA4AB28BCCB7A008429CF /* DXMVVMCExampleTests */ = {
			isa = PBXGroup;
			children = (
				0ADFA4AC28BCCB7A008429CF /* DXMVVMCExampleTests.swift */,
			);
			path = DXMVVMCExampleTests;
			sourceTree = "<group>";
		};
		0ADFA4B528BCCB7A008429CF /* DXMVVMCExampleUITests */ = {
			isa = PBXGroup;
			children = (
				0ADFA4B628BCCB7A008429CF /* DXMVVMCExampleUITests.swift */,
				0ADFA4B828BCCB7A008429CF /* DXMVVMCExampleUITestsLaunchTests.swift */,
			);
			path = DXMVVMCExampleUITests;
			sourceTree = "<group>";
		};
/* End PBXGroup section */

/* Begin PBXNativeTarget section */
		0ADFA49128BCCB78008429CF /* DXMVVMCExample */ = {
			isa = PBXNativeTarget;
			buildConfigurationList = 0ADFA4BC28BCCB7A008429CF /* Build configuration list for PBXNativeTarget "DXMVVMCExample" */;
			buildPhases = (
				0ADFA48E28BCCB78008429CF /* Sources */,
				0ADFA48F28BCCB78008429CF /* Frameworks */,
				0ADFA49028BCCB78008429CF /* Resources */,
			);
			buildRules = (
			);
			dependencies = (
			);
			name = DXMVVMCExample;
			productName = DXMVVMCExample;
			productReference = 0ADFA49228BCCB78008429CF /* DXMVVMCExample.app */;
			productType = "com.apple.product-type.application";
		};
		0ADFA4A728BCCB7A008429CF /* DXMVVMCExampleTests */ = {
			isa = PBXNativeTarget;
			buildConfigurationList = 0ADFA4BF28BCCB7A008429CF /* Build configuration list for PBXNativeTarget "DXMVVMCExampleTests" */;
			buildPhases = (
				0ADFA4A428BCCB7A008429CF /* Sources */,
				0ADFA4A528BCCB7A008429CF /* Frameworks */,
				0ADFA4A628BCCB7A008429CF /* Resources */,
			);
			buildRules = (
			);
			dependencies = (
				0ADFA4AA28BCCB7A008429CF /* PBXTargetDependency */,
			);
			name = DXMVVMCExampleTests;
			productName = DXMVVMCExampleTests;
			productReference = 0ADFA4A828BCCB7A008429CF /* DXMVVMCExampleTests.xctest */;
			productType = "com.apple.product-type.bundle.unit-test";
		};
		0ADFA4B128BCCB7A008429CF /* DXMVVMCExampleUITests */ = {
			isa = PBXNativeTarget;
			buildConfigurationList = 0ADFA4C228BCCB7A008429CF /* Build configuration list for PBXNativeTarget "DXMVVMCExampleUITests" */;
			buildPhases = (
				0ADFA4AE28BCCB7A008429CF /* Sources */,
				0ADFA4AF28BCCB7A008429CF /* Frameworks */,
				0ADFA4B028BCCB7A008429CF /* Resources */,
			);
			buildRules = (
			);
			dependencies = (
				0ADFA4B428BCCB7A008429CF /* PBXTargetDependency */,
			);
			name = DXMVVMCExampleUITests;
			productName = DXMVVMCExampleUITests;
			productReference = 0ADFA4B228BCCB7A008429CF /* DXMVVMCExampleUITests.xctest */;
			productType = "com.apple.product-type.bundle.ui-testing";
		};
/* End PBXNativeTarget section */

/* Begin PBXProject section */
		0ADFA48A28BCCB78008429CF /* Project object */ = {
			isa = PBXProject;
			attributes = {
				BuildIndependentTargetsInParallel = 1;
				LastSwiftUpdateCheck = 1340;
				LastUpgradeCheck = 1340;
				TargetAttributes = {
					0ADFA49128BCCB78008429CF = {
						CreatedOnToolsVersion = 13.4.1;
					};
					0ADFA4A728BCCB7A008429CF = {
						CreatedOnToolsVersion = 13.4.1;
						TestTargetID = 0ADFA49128BCCB78008429CF;
					};
					0ADFA4B128BCCB7A008429CF = {
						CreatedOnToolsVersion = 13.4.1;
						TestTargetID = 0ADFA49128BCCB78008429CF;
					};
				};
			};
			buildConfigurationList = 0ADFA48D28BCCB78008429CF /* Build configuration list for PBXProject "DXMVVMCExample" */;
			compatibilityVersion = "Xcode 13.0";
			developmentRegion = en;
			hasScannedForEncodings = 0;
			knownRegions = (
				en,
				Base,
			);
			mainGroup = 0ADFA48928BCCB78008429CF;
			productRefGroup = 0ADFA49328BCCB78008429CF /* Products */;
			projectDirPath = "";
			projectRoot = "";
			targets = (
				0ADFA49128BCCB78008429CF /* DXMVVMCExample */,
				0ADFA4A728BCCB7A008429CF /* DXMVVMCExampleTests */,
				0ADFA4B128BCCB7A008429CF /* DXMVVMCExampleUITests */,
			);
		};
/* End PBXProject section */

/* Begin PBXResourcesBuildPhase section */
		0ADFA49028BCCB78008429CF /* Resources */ = {
			isa = PBXResourcesBuildPhase;
			buildActionMask = 2147483647;
			files = (
				0ADFA4A228BCCB7A008429CF /* LaunchScreen.storyboard in Resources */,
				0ADFA49F28BCCB7A008429CF /* Assets.xcassets in Resources */,
				0ADFA49D28BCCB78008429CF /* Main.storyboard in Resources */,
			);
			runOnlyForDeploymentPostprocessing = 0;
		};
		0ADFA4A628BCCB7A008429CF /* Resources */ = {
			isa = PBXResourcesBuildPhase;
			buildActionMask = 2147483647;
			files = (
			);
			runOnlyForDeploymentPostprocessing = 0;
		};
		0ADFA4B028BCCB7A008429CF /* Resources */ = {
			isa = PBXResourcesBuildPhase;
			buildActionMask = 2147483647;
			files = (
			);
			runOnlyForDeploymentPostprocessing = 0;
		};
/* End PBXResourcesBuildPhase section */

/* Begin PBXSourcesBuildPhase section */
		0ADFA48E28BCCB78008429CF /* Sources */ = {
			isa = PBXSourcesBuildPhase;
			buildActionMask = 2147483647;
			files = (
				0ADFA49A28BCCB78008429CF /* ViewController.swift in Sources */,
				0ADFA49628BCCB78008429CF /* AppDelegate.swift in Sources */,
				0ADFA49828BCCB78008429CF /* SceneDelegate.swift in Sources */,
			);
			runOnlyForDeploymentPostprocessing = 0;
		};
		0ADFA4A428BCCB7A008429CF /* Sources */ = {
			isa = PBXSourcesBuildPhase;
			buildActionMask = 2147483647;
			files = (
				0ADFA4AD28BCCB7A008429CF /* DXMVVMCExampleTests.swift in Sources */,
			);
			runOnlyForDeploymentPostprocessing = 0;
		};
		0ADFA4AE28BCCB7A008429CF /* Sources */ = {
			isa = PBXSourcesBuildPhase;
			buildActionMask = 2147483647;
			files = (
				0ADFA4B728BCCB7A008429CF /* DXMVVMCExampleUITests.swift in Sources */,
				0ADFA4B928BCCB7A008429CF /* DXMVVMCExampleUITestsLaunchTests.swift in Sources */,
			);
			runOnlyForDeploymentPostprocessing = 0;
		};
/* End PBXSourcesBuildPhase section */

/* Begin PBXTargetDependency section */
		0ADFA4AA28BCCB7A008429CF /* PBXTargetDependency */ = {
			isa = PBXTargetDependency;
			target = 0ADFA49128BCCB78008429CF /* DXMVVMCExample */;
			targetProxy = 0ADFA4A928BCCB7A008429CF /* PBXContainerItemProxy */;
		};
		0ADFA4B428BCCB7A008429CF /* PBXTargetDependency */ = {
			isa = PBXTargetDependency;
			target = 0ADFA49128BCCB78008429CF /* DXMVVMCExample */;
			targetProxy = 0ADFA4B328BCCB7A008429CF /* PBXContainerItemProxy */;
		};
/* End PBXTargetDependency section */

/* Begin PBXVariantGroup section */
		0ADFA49B28BCCB78008429CF /* Main.storyboard */ = {
			isa = PBXVariantGroup;
			children = (
				0ADFA49C28BCCB78008429CF /* Base */,
			);
			name = Main.storyboard;
			sourceTree = "<group>";
		};
		0ADFA4A028BCCB7A008429CF /* LaunchScreen.storyboard */ = {
			isa = PBXVariantGroup;
			children = (
				0ADFA4A128BCCB7A008429CF /* Base */,
			);
			name = LaunchScreen.storyboard;
			sourceTree = "<group>";
		};
/* End PBXVariantGroup section */

/* Begin XCBuildConfiguration section */
		0ADFA4BA28BCCB7A008429CF /* Debug */ = {
			isa = XCBuildConfiguration;
			buildSettings = {
				ALWAYS_SEARCH_USER_PATHS = NO;
				CLANG_ANALYZER_NONNULL = YES;
				CLANG_ANALYZER_NUMBER_OBJECT_CONVERSION = YES_AGGRESSIVE;
				CLANG_CXX_LANGUAGE_STANDARD = "gnu++17";
				CLANG_ENABLE_MODULES = YES;
				CLANG_ENABLE_OBJC_ARC = YES;
				CLANG_ENABLE_OBJC_WEAK = YES;
				CLANG_WARN_BLOCK_CAPTURE_AUTORELEASING = YES;
				CLANG_WARN_BOOL_CONVERSION = YES;
				CLANG_WARN_COMMA = YES;
				CLANG_WARN_CONSTANT_CONVERSION = YES;
				CLANG_WARN_DEPRECATED_OBJC_IMPLEMENTATIONS = YES;
				CLANG_WARN_DIRECT_OBJC_ISA_USAGE = YES_ERROR;
				CLANG_WARN_DOCUMENTATION_COMMENTS = YES;
				CLANG_WARN_EMPTY_BODY = YES;
				CLANG_WARN_ENUM_CONVERSION = YES;
				CLANG_WARN_INFINITE_RECURSION = YES;
				CLANG_WARN_INT_CONVERSION = YES;
				CLANG_WARN_NON_LITERAL_NULL_CONVERSION = YES;
				CLANG_WARN_OBJC_IMPLICIT_RETAIN_SELF = YES;
				CLANG_WARN_OBJC_LITERAL_CONVERSION = YES;
				CLANG_WARN_OBJC_ROOT_CLASS = YES_ERROR;
				CLANG_WARN_QUOTED_INCLUDE_IN_FRAMEWORK_HEADER = YES;
				CLANG_WARN_RANGE_LOOP_ANALYSIS = YES;
				CLANG_WARN_STRICT_PROTOTYPES = YES;
				CLANG_WARN_SUSPICIOUS_MOVE = YES;
				CLANG_WARN_UNGUARDED_AVAILABILITY = YES_AGGRESSIVE;
				CLANG_WARN_UNREACHABLE_CODE = YES;
				CLANG_WARN__DUPLICATE_METHOD_MATCH = YES;
				COPY_PHASE_STRIP = NO;
				DEBUG_INFORMATION_FORMAT = dwarf;
				ENABLE_STRICT_OBJC_MSGSEND = YES;
				ENABLE_TESTABILITY = YES;
				GCC_C_LANGUAGE_STANDARD = gnu11;
				GCC_DYNAMIC_NO_PIC = NO;
				GCC_NO_COMMON_BLOCKS = YES;
				GCC_OPTIMIZATION_LEVEL = 0;
				GCC_PREPROCESSOR_DEFINITIONS = (
					"DEBUG=1",
					"$(inherited)",
				);
				GCC_WARN_64_TO_32_BIT_CONVERSION = YES;
				GCC_WARN_ABOUT_RETURN_TYPE = YES_ERROR;
				GCC_WARN_UNDECLARED_SELECTOR = YES;
				GCC_WARN_UNINITIALIZED_AUTOS = YES_AGGRESSIVE;
				GCC_WARN_UNUSED_FUNCTION = YES;
				GCC_WARN_UNUSED_VARIABLE = YES;
				IPHONEOS_DEPLOYMENT_TARGET = 15.5;
				MTL_ENABLE_DEBUG_INFO = INCLUDE_SOURCE;
				MTL_FAST_MATH = YES;
				ONLY_ACTIVE_ARCH = YES;
				SDKROOT = iphoneos;
				SWIFT_ACTIVE_COMPILATION_CONDITIONS = DEBUG;
				SWIFT_OPTIMIZATION_LEVEL = "-Onone";
			};
			name = Debug;
		};
		0ADFA4BB28BCCB7A008429CF /* Release */ = {
			isa = XCBuildConfiguration;
			buildSettings = {
				ALWAYS_SEARCH_USER_PATHS = NO;
				CLANG_ANALYZER_NONNULL = YES;
				CLANG_ANALYZER_NUMBER_OBJECT_CONVERSION = YES_AGGRESSIVE;
				CLANG_CXX_LANGUAGE_STANDARD = "gnu++17";
				CLANG_ENABLE_MODULES = YES;
				CLANG_ENABLE_OBJC_ARC = YES;
				CLANG_ENABLE_OBJC_WEAK = YES;
				CLANG_WARN_BLOCK_CAPTURE_AUTORELEASING = YES;
				CLANG_WARN_BOOL_CONVERSION = YES;
				CLANG_WARN_COMMA = YES;
				CLANG_WARN_CONSTANT_CONVERSION = YES;
				CLANG_WARN_DEPRECATED_OBJC_IMPLEMENTATIONS = YES;
				CLANG_WARN_DIRECT_OBJC_ISA_USAGE = YES_ERROR;
				CLANG_WARN_DOCUMENTATION_COMMENTS = YES;
				CLANG_WARN_EMPTY_BODY = YES;
				CLANG_WARN_ENUM_CONVERSION = YES;
				CLANG_WARN_INFINITE_RECURSION = YES;
				CLANG_WARN_INT_CONVERSION = YES;
				CLANG_WARN_NON_LITERAL_NULL_CONVERSION = YES;
				CLANG_WARN_OBJC_IMPLICIT_RETAIN_SELF = YES;
				CLANG_WARN_OBJC_LITERAL_CONVERSION = YES;
				CLANG_WARN_OBJC_ROOT_CLASS = YES_ERROR;
				CLANG_WARN_QUOTED_INCLUDE_IN_FRAMEWORK_HEADER = YES;
				CLANG_WARN_RANGE_LOOP_ANALYSIS = YES;
				CLANG_WARN_STRICT_PROTOTYPES = YES;
				CLANG_WARN_SUSPICIOUS_MOVE = YES;
				CLANG_WARN_UNGUARDED_AVAILABILITY = YES_AGGRESSIVE;
				CLANG_WARN_UNREACHABLE_CODE = YES;
				CLANG_WARN__DUPLICATE_METHOD_MATCH = YES;
				COPY_PHASE_STRIP = NO;
				DEBUG_INFORMATION_FORMAT = "dwarf-with-dsym";
				ENABLE_NS_ASSERTIONS = NO;
				ENABLE_STRICT_OBJC_MSGSEND = YES;
				GCC_C_LANGUAGE_STANDARD = gnu11;
				GCC_NO_COMMON_BLOCKS = YES;
				GCC_WARN_64_TO_32_BIT_CONVERSION = YES;
				GCC_WARN_ABOUT_RETURN_TYPE = YES_ERROR;
				GCC_WARN_UNDECLARED_SELECTOR = YES;
				GCC_WARN_UNINITIALIZED_AUTOS = YES_AGGRESSIVE;
				GCC_WARN_UNUSED_FUNCTION = YES;
				GCC_WARN_UNUSED_VARIABLE = YES;
				IPHONEOS_DEPLOYMENT_TARGET = 15.5;
				MTL_ENABLE_DEBUG_INFO = NO;
				MTL_FAST_MATH = YES;
				SDKROOT = iphoneos;
				SWIFT_COMPILATION_MODE = wholemodule;
				SWIFT_OPTIMIZATION_LEVEL = "-O";
				VALIDATE_PRODUCT = YES;
			};
			name = Release;
		};
		0ADFA4BD28BCCB7A008429CF /* Debug */ = {
			isa = XCBuildConfiguration;
			buildSettings = {
				ASSETCATALOG_COMPILER_APPICON_NAME = AppIcon;
				ASSETCATALOG_COMPILER_GLOBAL_ACCENT_COLOR_NAME = AccentColor;
				CODE_SIGN_STYLE = Automatic;
				CURRENT_PROJECT_VERSION = 1;
				DEVELOPMENT_TEAM = 9W4STM7DA3;
				GENERATE_INFOPLIST_FILE = YES;
				INFOPLIST_FILE = DXMVVMCExample/Info.plist;
				INFOPLIST_KEY_UIApplicationSupportsIndirectInputEvents = YES;
				INFOPLIST_KEY_UILaunchStoryboardName = LaunchScreen;
				INFOPLIST_KEY_UIMainStoryboardFile = Main;
				INFOPLIST_KEY_UISupportedInterfaceOrientations_iPad = "UIInterfaceOrientationPortrait UIInterfaceOrientationPortraitUpsideDown UIInterfaceOrientationLandscapeLeft UIInterfaceOrientationLandscapeRight";
				INFOPLIST_KEY_UISupportedInterfaceOrientations_iPhone = "UIInterfaceOrientationPortrait UIInterfaceOrientationLandscapeLeft UIInterfaceOrientationLandscapeRight";
				LD_RUNPATH_SEARCH_PATHS = (
					"$(inherited)",
					"@executable_path/Frameworks",
				);
				MARKETING_VERSION = 1.0;
				PRODUCT_BUNDLE_IDENTIFIER = me.yasirromaya.DXMVVMCExample;
				PRODUCT_NAME = "$(TARGET_NAME)";
				SWIFT_EMIT_LOC_STRINGS = YES;
				SWIFT_VERSION = 5.0;
				TARGETED_DEVICE_FAMILY = "1,2";
			};
			name = Debug;
		};
		0ADFA4BE28BCCB7A008429CF /* Release */ = {
			isa = XCBuildConfiguration;
			buildSettings = {
				ASSETCATALOG_COMPILER_APPICON_NAME = AppIcon;
				ASSETCATALOG_COMPILER_GLOBAL_ACCENT_COLOR_NAME = AccentColor;
				CODE_SIGN_STYLE = Automatic;
				CURRENT_PROJECT_VERSION = 1;
				DEVELOPMENT_TEAM = 9W4STM7DA3;
				GENERATE_INFOPLIST_FILE = YES;
				INFOPLIST_FILE = DXMVVMCExample/Info.plist;
				INFOPLIST_KEY_UIApplicationSupportsIndirectInputEvents = YES;
				INFOPLIST_KEY_UILaunchStoryboardName = LaunchScreen;
				INFOPLIST_KEY_UIMainStoryboardFile = Main;
				INFOPLIST_KEY_UISupportedInterfaceOrientations_iPad = "UIInterfaceOrientationPortrait UIInterfaceOrientationPortraitUpsideDown UIInterfaceOrientationLandscapeLeft UIInterfaceOrientationLandscapeRight";
				INFOPLIST_KEY_UISupportedInterfaceOrientations_iPhone = "UIInterfaceOrientationPortrait UIInterfaceOrientationLandscapeLeft UIInterfaceOrientationLandscapeRight";
				LD_RUNPATH_SEARCH_PATHS = (
					"$(inherited)",
					"@executable_path/Frameworks",
				);
				MARKETING_VERSION = 1.0;
				PRODUCT_BUNDLE_IDENTIFIER = me.yasirromaya.DXMVVMCExample;
				PRODUCT_NAME = "$(TARGET_NAME)";
				SWIFT_EMIT_LOC_STRINGS = YES;
				SWIFT_VERSION = 5.0;
				TARGETED_DEVICE_FAMILY = "1,2";
			};
			name = Release;
		};
		0ADFA4C028BCCB7A008429CF /* Debug */ = {
			isa = XCBuildConfiguration;
			buildSettings = {
				ALWAYS_EMBED_SWIFT_STANDARD_LIBRARIES = YES;
				BUNDLE_LOADER = "$(TEST_HOST)";
				CODE_SIGN_STYLE = Automatic;
				CURRENT_PROJECT_VERSION = 1;
				DEVELOPMENT_TEAM = 9W4STM7DA3;
				GENERATE_INFOPLIST_FILE = YES;
				IPHONEOS_DEPLOYMENT_TARGET = 15.5;
				MARKETING_VERSION = 1.0;
				PRODUCT_BUNDLE_IDENTIFIER = me.yasirromaya.DXMVVMCExampleTests;
				PRODUCT_NAME = "$(TARGET_NAME)";
				SWIFT_EMIT_LOC_STRINGS = NO;
				SWIFT_VERSION = 5.0;
				TARGETED_DEVICE_FAMILY = "1,2";
				TEST_HOST = "$(BUILT_PRODUCTS_DIR)/DXMVVMCExample.app/DXMVVMCExample";
			};
			name = Debug;
		};
		0ADFA4C128BCCB7A008429CF /* Release */ = {
			isa = XCBuildConfiguration;
			buildSettings = {
				ALWAYS_EMBED_SWIFT_STANDARD_LIBRARIES = YES;
				BUNDLE_LOADER = "$(TEST_HOST)";
				CODE_SIGN_STYLE = Automatic;
				CURRENT_PROJECT_VERSION = 1;
				DEVELOPMENT_TEAM = 9W4STM7DA3;
				GENERATE_INFOPLIST_FILE = YES;
				IPHONEOS_DEPLOYMENT_TARGET = 15.5;
				MARKETING_VERSION = 1.0;
				PRODUCT_BUNDLE_IDENTIFIER = me.yasirromaya.DXMVVMCExampleTests;
				PRODUCT_NAME = "$(TARGET_NAME)";
				SWIFT_EMIT_LOC_STRINGS = NO;
				SWIFT_VERSION = 5.0;
				TARGETED_DEVICE_FAMILY = "1,2";
				TEST_HOST = "$(BUILT_PRODUCTS_DIR)/DXMVVMCExample.app/DXMVVMCExample";
			};
			name = Release;
		};
		0ADFA4C328BCCB7A008429CF /* Debug */ = {
			isa = XCBuildConfiguration;
			buildSettings = {
				ALWAYS_EMBED_SWIFT_STANDARD_LIBRARIES = YES;
				CODE_SIGN_STYLE = Automatic;
				CURRENT_PROJECT_VERSION = 1;
				DEVELOPMENT_TEAM = 9W4STM7DA3;
				GENERATE_INFOPLIST_FILE = YES;
				MARKETING_VERSION = 1.0;
				PRODUCT_BUNDLE_IDENTIFIER = me.yasirromaya.DXMVVMCExampleUITests;
				PRODUCT_NAME = "$(TARGET_NAME)";
				SWIFT_EMIT_LOC_STRINGS = NO;
				SWIFT_VERSION = 5.0;
				TARGETED_DEVICE_FAMILY = "1,2";
				TEST_TARGET_NAME = DXMVVMCExample;
			};
			name = Debug;
		};
		0ADFA4C428BCCB7A008429CF /* Release */ = {
			isa = XCBuildConfiguration;
			buildSettings = {
				ALWAYS_EMBED_SWIFT_STANDARD_LIBRARIES = YES;
				CODE_SIGN_STYLE = Automatic;
				CURRENT_PROJECT_VERSION = 1;
				DEVELOPMENT_TEAM = 9W4STM7DA3;
				GENERATE_INFOPLIST_FILE = YES;
				MARKETING_VERSION = 1.0;
				PRODUCT_BUNDLE_IDENTIFIER = me.yasirromaya.DXMVVMCExampleUITests;
				PRODUCT_NAME = "$(TARGET_NAME)";
				SWIFT_EMIT_LOC_STRINGS = NO;
				SWIFT_VERSION = 5.0;
				TARGETED_DEVICE_FAMILY = "1,2";
				TEST_TARGET_NAME = DXMVVMCExample;
			};
			name = Release;
		};
/* End XCBuildConfiguration section */

/* Begin XCConfigurationList section */
		0ADFA48D28BCCB78008429CF /* Build configuration list for PBXProject "DXMVVMCExample" */ = {
			isa = XCConfigurationList;
			buildConfigurations = (
				0ADFA4BA28BCCB7A008429CF /* Debug */,
				0ADFA4BB28BCCB7A008429CF /* Release */,
			);
			defaultConfigurationIsVisible = 0;
			defaultConfigurationName = Release;
		};
		0ADFA4BC28BCCB7A008429CF /* Build configuration list for PBXNativeTarget "DXMVVMCExample" */ = {
			isa = XCConfigurationList;
			buildConfigurations = (
				0ADFA4BD28BCCB7A008429CF /* Debug */,
				0ADFA4BE28BCCB7A008429CF /* Release */,
			);
			defaultConfigurationIsVisible = 0;
			defaultConfigurationName = Release;
		};
		0ADFA4BF28BCCB7A008429CF /* Build configuration list for PBXNativeTarget "DXMVVMCExampleTests" */ = {
			isa = XCConfigurationList;
			buildConfigurations = (
				0ADFA4C028BCCB7A008429CF /* Debug */,
				0ADFA4C128BCCB7A008429CF /* Release */,
			);
			defaultConfigurationIsVisible = 0;
			defaultConfigurationName = Release;
		};
		0ADFA4C228BCCB7A008429CF /* Build configuration list for PBXNativeTarget "DXMVVMCExampleUITests" */ = {
			isa = XCConfigurationList;
			buildConfigurations = (
				0ADFA4C328BCCB7A008429CF /* Debug */,
				0ADFA4C428BCCB7A008429CF /* Release */,
			);
			defaultConfigurationIsVisible = 0;
			defaultConfigurationName = Release;
		};
/* End XCConfigurationList section */
	};
	rootObject = 0ADFA48A28BCCB78008429CF /* Project object */;
}
